
Microsoft Visual Studio Solution File, Format Version 12.00
# Visual Studio Version 17
VisualStudioVersion = 17.4.33213.308
MinimumVisualStudioVersion = 10.0.40219.1
Project("{9A19103F-16F7-4668-BE54-9A1E7A4F7556}") = "CasaEngine", "CasaEngine\CasaEngine.csproj", "{36D16292-D92F-4087-8BE7-A09AD6D5AC05}"
EndProject
Project("{9A19103F-16F7-4668-BE54-9A1E7A4F7556}") = "CasaEngine.Editor", "CasaEngine.Editor\CasaEngine.Editor.csproj", "{F2707E78-7C71-43AC-A27A-0E2FB32BB684}"
EndProject
Project("{9A19103F-16F7-4668-BE54-9A1E7A4F7556}") = "CasaEngine.RPGDemo", "CasaEngine.RPGDemo\CasaEngine.RPGDemo.csproj", "{AE6C8A88-1E1D-48A9-99DF-81B43CFD2EFD}"
EndProject
Project("{9A19103F-16F7-4668-BE54-9A1E7A4F7556}") = "CasaEngine.Launcher", "CasaEngine.Launcher\CasaEngine.Launcher.csproj", "{78DDC4C5-CF85-4A2F-87CA-0D3D53D0912B}"
EndProject
Project("{9A19103F-16F7-4668-BE54-9A1E7A4F7556}") = "SandBoxGame", "SandBoxGame\SandBoxGame.csproj", "{73962EDE-BEC1-4D15-A2D6-5BE521EFB147}"
EndProject
Project("{9A19103F-16F7-4668-BE54-9A1E7A4F7556}") = "GizmoTools", "GizmoTool\GizmoTools.csproj", "{84B4E8B0-D285-4545-95A1-41EF0724FC42}"
EndProject
Project("{9A19103F-16F7-4668-BE54-9A1E7A4F7556}") = "MonoGame.Framework.Wpf.Core", "MonoGame.Framework.Wpf.Core\MonoGame.Framework.Wpf.Core.csproj", "{F4427058-1115-4E5D-BC90-DCD97AD99622}"
EndProject
Project("{9A19103F-16F7-4668-BE54-9A1E7A4F7556}") = "CasaEngine.WpfControls", "CasaEngine.WpfControls\CasaEngine.WpfControls.csproj", "{DFF1902F-E282-423D-80A0-4A3DEE29796F}"
EndProject
Project("{9A19103F-16F7-4668-BE54-9A1E7A4F7556}") = "CasaEngine.Demos", "CasaEngine.Demos\CasaEngine.Demos.csproj", "{A12DFD15-E8C7-4B78-A77C-94F5F2744FE0}"
EndProject
Project("{2150E333-8FDC-42A3-9474-1A3956D46DE8}") = "Editor", "Editor", "{D3C155D0-6C41-462C-AE65-786B836E15B2}"
EndProject
Project("{2150E333-8FDC-42A3-9474-1A3956D46DE8}") = "Samples", "Samples", "{8C8DDDBD-3694-406B-96FC-081E97566702}"
EndProject
Project("{9A19103F-16F7-4668-BE54-9A1E7A4F7556}") = "CasaEngine.Shaders", "CasaEngine.Shaders\CasaEngine.Shaders.csproj", "{866AF5A0-7D1A-49A3-AE65-54DC86858386}"
EndProject
Project("{9A19103F-16F7-4668-BE54-9A1E7A4F7556}") = "TomShane.Neoforce.Controls", "TomShane.Neoforce.Controls\TomShane.Neoforce.Controls.csproj", "{81243B70-F3A8-43B8-8B98-ECF0B68F9894}"
EndProject
Global
	GlobalSection(SolutionConfigurationPlatforms) = preSolution
		Debug|Any CPU = Debug|Any CPU
		Debug|x64 = Debug|x64
		DebugEditor|Any CPU = DebugEditor|Any CPU
		DebugEditor|x64 = DebugEditor|x64
		Release|Any CPU = Release|Any CPU
		Release|x64 = Release|x64
	EndGlobalSection
	GlobalSection(ProjectConfigurationPlatforms) = postSolution
		{36D16292-D92F-4087-8BE7-A09AD6D5AC05}.Debug|Any CPU.ActiveCfg = Debug|Any CPU
		{36D16292-D92F-4087-8BE7-A09AD6D5AC05}.Debug|Any CPU.Build.0 = Debug|Any CPU
		{36D16292-D92F-4087-8BE7-A09AD6D5AC05}.Debug|x64.ActiveCfg = Debug|Any CPU
		{36D16292-D92F-4087-8BE7-A09AD6D5AC05}.Debug|x64.Build.0 = Debug|Any CPU
		{36D16292-D92F-4087-8BE7-A09AD6D5AC05}.DebugEditor|Any CPU.ActiveCfg = DebugEditor|Any CPU
		{36D16292-D92F-4087-8BE7-A09AD6D5AC05}.DebugEditor|Any CPU.Build.0 = DebugEditor|Any CPU
		{36D16292-D92F-4087-8BE7-A09AD6D5AC05}.DebugEditor|x64.ActiveCfg = DebugEditor|Any CPU
		{36D16292-D92F-4087-8BE7-A09AD6D5AC05}.DebugEditor|x64.Build.0 = DebugEditor|Any CPU
		{36D16292-D92F-4087-8BE7-A09AD6D5AC05}.Release|Any CPU.ActiveCfg = Release|Any CPU
		{36D16292-D92F-4087-8BE7-A09AD6D5AC05}.Release|Any CPU.Build.0 = Release|Any CPU
		{36D16292-D92F-4087-8BE7-A09AD6D5AC05}.Release|x64.ActiveCfg = Release|Any CPU
		{36D16292-D92F-4087-8BE7-A09AD6D5AC05}.Release|x64.Build.0 = Release|Any CPU
		{F2707E78-7C71-43AC-A27A-0E2FB32BB684}.Debug|Any CPU.ActiveCfg = Debug|Any CPU
		{F2707E78-7C71-43AC-A27A-0E2FB32BB684}.Debug|x64.ActiveCfg = Debug|Any CPU
		{F2707E78-7C71-43AC-A27A-0E2FB32BB684}.DebugEditor|Any CPU.ActiveCfg = DebugEditor|Any CPU
		{F2707E78-7C71-43AC-A27A-0E2FB32BB684}.DebugEditor|Any CPU.Build.0 = DebugEditor|Any CPU
		{F2707E78-7C71-43AC-A27A-0E2FB32BB684}.DebugEditor|x64.ActiveCfg = DebugEditor|Any CPU
		{F2707E78-7C71-43AC-A27A-0E2FB32BB684}.DebugEditor|x64.Build.0 = DebugEditor|Any CPU
		{F2707E78-7C71-43AC-A27A-0E2FB32BB684}.Release|Any CPU.ActiveCfg = Release|Any CPU
		{F2707E78-7C71-43AC-A27A-0E2FB32BB684}.Release|x64.ActiveCfg = Release|Any CPU
		{F2707E78-7C71-43AC-A27A-0E2FB32BB684}.Release|x64.Build.0 = Release|Any CPU
		{AE6C8A88-1E1D-48A9-99DF-81B43CFD2EFD}.Debug|Any CPU.ActiveCfg = Debug|Any CPU
		{AE6C8A88-1E1D-48A9-99DF-81B43CFD2EFD}.Debug|Any CPU.Build.0 = Debug|Any CPU
		{AE6C8A88-1E1D-48A9-99DF-81B43CFD2EFD}.Debug|x64.ActiveCfg = Debug|Any CPU
		{AE6C8A88-1E1D-48A9-99DF-81B43CFD2EFD}.DebugEditor|Any CPU.ActiveCfg = Debug|Any CPU
		{AE6C8A88-1E1D-48A9-99DF-81B43CFD2EFD}.DebugEditor|x64.ActiveCfg = Debug|Any CPU
		{AE6C8A88-1E1D-48A9-99DF-81B43CFD2EFD}.Release|Any CPU.ActiveCfg = Release|Any CPU
		{AE6C8A88-1E1D-48A9-99DF-81B43CFD2EFD}.Release|Any CPU.Build.0 = Release|Any CPU
		{AE6C8A88-1E1D-48A9-99DF-81B43CFD2EFD}.Release|x64.ActiveCfg = Release|Any CPU
		{AE6C8A88-1E1D-48A9-99DF-81B43CFD2EFD}.Release|x64.Build.0 = Release|Any CPU
		{78DDC4C5-CF85-4A2F-87CA-0D3D53D0912B}.Debug|Any CPU.ActiveCfg = Debug|Any CPU
		{78DDC4C5-CF85-4A2F-87CA-0D3D53D0912B}.Debug|Any CPU.Build.0 = Debug|Any CPU
		{78DDC4C5-CF85-4A2F-87CA-0D3D53D0912B}.Debug|x64.ActiveCfg = Debug|Any CPU
		{78DDC4C5-CF85-4A2F-87CA-0D3D53D0912B}.Debug|x64.Build.0 = Debug|Any CPU
		{78DDC4C5-CF85-4A2F-87CA-0D3D53D0912B}.DebugEditor|Any CPU.ActiveCfg = Debug|Any CPU
		{78DDC4C5-CF85-4A2F-87CA-0D3D53D0912B}.DebugEditor|x64.ActiveCfg = Debug|Any CPU
		{78DDC4C5-CF85-4A2F-87CA-0D3D53D0912B}.DebugEditor|x64.Build.0 = Debug|Any CPU
		{78DDC4C5-CF85-4A2F-87CA-0D3D53D0912B}.Release|Any CPU.ActiveCfg = Release|Any CPU
		{78DDC4C5-CF85-4A2F-87CA-0D3D53D0912B}.Release|Any CPU.Build.0 = Release|Any CPU
		{78DDC4C5-CF85-4A2F-87CA-0D3D53D0912B}.Release|x64.ActiveCfg = Release|Any CPU
		{78DDC4C5-CF85-4A2F-87CA-0D3D53D0912B}.Release|x64.Build.0 = Release|Any CPU
		{73962EDE-BEC1-4D15-A2D6-5BE521EFB147}.Debug|Any CPU.ActiveCfg = Debug|Any CPU
		{73962EDE-BEC1-4D15-A2D6-5BE521EFB147}.Debug|Any CPU.Build.0 = Debug|Any CPU
		{73962EDE-BEC1-4D15-A2D6-5BE521EFB147}.Debug|x64.ActiveCfg = Debug|Any CPU
		{73962EDE-BEC1-4D15-A2D6-5BE521EFB147}.Debug|x64.Build.0 = Debug|Any CPU
		{73962EDE-BEC1-4D15-A2D6-5BE521EFB147}.DebugEditor|Any CPU.ActiveCfg = Debug|Any CPU
		{73962EDE-BEC1-4D15-A2D6-5BE521EFB147}.DebugEditor|x64.ActiveCfg = Debug|Any CPU
		{73962EDE-BEC1-4D15-A2D6-5BE521EFB147}.Release|Any CPU.ActiveCfg = Release|Any CPU
		{73962EDE-BEC1-4D15-A2D6-5BE521EFB147}.Release|Any CPU.Build.0 = Release|Any CPU
		{73962EDE-BEC1-4D15-A2D6-5BE521EFB147}.Release|x64.ActiveCfg = Release|Any CPU
		{73962EDE-BEC1-4D15-A2D6-5BE521EFB147}.Release|x64.Build.0 = Release|Any CPU
		{84B4E8B0-D285-4545-95A1-41EF0724FC42}.Debug|Any CPU.ActiveCfg = Debug|Any CPU
		{84B4E8B0-D285-4545-95A1-41EF0724FC42}.Debug|x64.ActiveCfg = Debug|Any CPU
		{84B4E8B0-D285-4545-95A1-41EF0724FC42}.DebugEditor|Any CPU.ActiveCfg = Debug|Any CPU
		{84B4E8B0-D285-4545-95A1-41EF0724FC42}.DebugEditor|Any CPU.Build.0 = Debug|Any CPU
		{84B4E8B0-D285-4545-95A1-41EF0724FC42}.DebugEditor|x64.ActiveCfg = Debug|Any CPU
		{84B4E8B0-D285-4545-95A1-41EF0724FC42}.DebugEditor|x64.Build.0 = Debug|Any CPU
		{84B4E8B0-D285-4545-95A1-41EF0724FC42}.Release|Any CPU.ActiveCfg = Release|Any CPU
		{84B4E8B0-D285-4545-95A1-41EF0724FC42}.Release|x64.ActiveCfg = Release|Any CPU
		{84B4E8B0-D285-4545-95A1-41EF0724FC42}.Release|x64.Build.0 = Release|Any CPU
		{F4427058-1115-4E5D-BC90-DCD97AD99622}.Debug|Any CPU.ActiveCfg = Debug|Any CPU
		{F4427058-1115-4E5D-BC90-DCD97AD99622}.Debug|x64.ActiveCfg = Debug|Any CPU
		{F4427058-1115-4E5D-BC90-DCD97AD99622}.DebugEditor|Any CPU.ActiveCfg = Debug|Any CPU
		{F4427058-1115-4E5D-BC90-DCD97AD99622}.DebugEditor|Any CPU.Build.0 = Debug|Any CPU
		{F4427058-1115-4E5D-BC90-DCD97AD99622}.DebugEditor|x64.ActiveCfg = Debug|Any CPU
		{F4427058-1115-4E5D-BC90-DCD97AD99622}.DebugEditor|x64.Build.0 = Debug|Any CPU
		{F4427058-1115-4E5D-BC90-DCD97AD99622}.Release|Any CPU.ActiveCfg = Release|Any CPU
		{F4427058-1115-4E5D-BC90-DCD97AD99622}.Release|x64.ActiveCfg = Release|Any CPU
		{F4427058-1115-4E5D-BC90-DCD97AD99622}.Release|x64.Build.0 = Release|Any CPU
		{DFF1902F-E282-423D-80A0-4A3DEE29796F}.Debug|Any CPU.ActiveCfg = Debug|Any CPU
		{DFF1902F-E282-423D-80A0-4A3DEE29796F}.Debug|x64.ActiveCfg = Debug|Any CPU
		{DFF1902F-E282-423D-80A0-4A3DEE29796F}.Debug|x64.Build.0 = Debug|Any CPU
		{DFF1902F-E282-423D-80A0-4A3DEE29796F}.DebugEditor|Any CPU.ActiveCfg = Debug|Any CPU
		{DFF1902F-E282-423D-80A0-4A3DEE29796F}.DebugEditor|Any CPU.Build.0 = Debug|Any CPU
		{DFF1902F-E282-423D-80A0-4A3DEE29796F}.DebugEditor|x64.ActiveCfg = Debug|Any CPU
		{DFF1902F-E282-423D-80A0-4A3DEE29796F}.DebugEditor|x64.Build.0 = Debug|Any CPU
		{DFF1902F-E282-423D-80A0-4A3DEE29796F}.Release|Any CPU.ActiveCfg = Release|Any CPU
		{DFF1902F-E282-423D-80A0-4A3DEE29796F}.Release|x64.ActiveCfg = Release|Any CPU
		{DFF1902F-E282-423D-80A0-4A3DEE29796F}.Release|x64.Build.0 = Release|Any CPU
		{A12DFD15-E8C7-4B78-A77C-94F5F2744FE0}.Debug|Any CPU.ActiveCfg = Debug|Any CPU
		{A12DFD15-E8C7-4B78-A77C-94F5F2744FE0}.Debug|Any CPU.Build.0 = Debug|Any CPU
		{A12DFD15-E8C7-4B78-A77C-94F5F2744FE0}.Debug|x64.ActiveCfg = Debug|Any CPU
		{A12DFD15-E8C7-4B78-A77C-94F5F2744FE0}.Debug|x64.Build.0 = Debug|Any CPU
		{A12DFD15-E8C7-4B78-A77C-94F5F2744FE0}.DebugEditor|Any CPU.ActiveCfg = Debug|Any CPU
		{A12DFD15-E8C7-4B78-A77C-94F5F2744FE0}.DebugEditor|x64.ActiveCfg = Debug|Any CPU
		{A12DFD15-E8C7-4B78-A77C-94F5F2744FE0}.DebugEditor|x64.Build.0 = Debug|Any CPU
		{A12DFD15-E8C7-4B78-A77C-94F5F2744FE0}.Release|Any CPU.ActiveCfg = Release|Any CPU
		{A12DFD15-E8C7-4B78-A77C-94F5F2744FE0}.Release|Any CPU.Build.0 = Release|Any CPU
		{A12DFD15-E8C7-4B78-A77C-94F5F2744FE0}.Release|x64.ActiveCfg = Release|Any CPU
		{A12DFD15-E8C7-4B78-A77C-94F5F2744FE0}.Release|x64.Build.0 = Release|Any CPU
		{866AF5A0-7D1A-49A3-AE65-54DC86858386}.Debug|Any CPU.ActiveCfg = Debug|Any CPU
		{866AF5A0-7D1A-49A3-AE65-54DC86858386}.Debug|Any CPU.Build.0 = Debug|Any CPU
		{866AF5A0-7D1A-49A3-AE65-54DC86858386}.Debug|x64.ActiveCfg = Debug|Any CPU
		{866AF5A0-7D1A-49A3-AE65-54DC86858386}.Debug|x64.Build.0 = Debug|Any CPU
		{866AF5A0-7D1A-49A3-AE65-54DC86858386}.DebugEditor|Any CPU.ActiveCfg = Debug|Any CPU
		{866AF5A0-7D1A-49A3-AE65-54DC86858386}.DebugEditor|Any CPU.Build.0 = Debug|Any CPU
		{866AF5A0-7D1A-49A3-AE65-54DC86858386}.DebugEditor|x64.ActiveCfg = Debug|Any CPU
		{866AF5A0-7D1A-49A3-AE65-54DC86858386}.DebugEditor|x64.Build.0 = Debug|Any CPU
		{866AF5A0-7D1A-49A3-AE65-54DC86858386}.Release|Any CPU.ActiveCfg = Release|Any CPU
		{866AF5A0-7D1A-49A3-AE65-54DC86858386}.Release|Any CPU.Build.0 = Release|Any CPU
		{866AF5A0-7D1A-49A3-AE65-54DC86858386}.Release|x64.ActiveCfg = Release|Any CPU
		{866AF5A0-7D1A-49A3-AE65-54DC86858386}.Release|x64.Build.0 = Release|Any CPU
		{81243B70-F3A8-43B8-8B98-ECF0B68F9894}.Debug|Any CPU.ActiveCfg = Debug|Any CPU
		{81243B70-F3A8-43B8-8B98-ECF0B68F9894}.Debug|Any CPU.Build.0 = Debug|Any CPU
		{81243B70-F3A8-43B8-8B98-ECF0B68F9894}.Debug|x64.ActiveCfg = Debug|Any CPU
		{81243B70-F3A8-43B8-8B98-ECF0B68F9894}.Debug|x64.Build.0 = Debug|Any CPU
		{81243B70-F3A8-43B8-8B98-ECF0B68F9894}.DebugEditor|Any CPU.ActiveCfg = Debug|Any CPU
		{81243B70-F3A8-43B8-8B98-ECF0B68F9894}.DebugEditor|Any CPU.Build.0 = Debug|Any CPU
		{81243B70-F3A8-43B8-8B98-ECF0B68F9894}.DebugEditor|x64.ActiveCfg = Debug|Any CPU
		{81243B70-F3A8-43B8-8B98-ECF0B68F9894}.DebugEditor|x64.Build.0 = Debug|Any CPU
		{81243B70-F3A8-43B8-8B98-ECF0B68F9894}.Release|Any CPU.ActiveCfg = Release|Any CPU
		{81243B70-F3A8-43B8-8B98-ECF0B68F9894}.Release|Any CPU.Build.0 = Release|Any CPU
		{81243B70-F3A8-43B8-8B98-ECF0B68F9894}.Release|x64.ActiveCfg = Release|Any CPU
		{81243B70-F3A8-43B8-8B98-ECF0B68F9894}.Release|x64.Build.0 = Release|Any CPU
	EndGlobalSection
	GlobalSection(SolutionProperties) = preSolution
		HideSolutionNode = FALSE
	EndGlobalSection
	GlobalSection(NestedProjects) = preSolution
		{F2707E78-7C71-43AC-A27A-0E2FB32BB684} = {D3C155D0-6C41-462C-AE65-786B836E15B2}
		{AE6C8A88-1E1D-48A9-99DF-81B43CFD2EFD} = {8C8DDDBD-3694-406B-96FC-081E97566702}
		{73962EDE-BEC1-4D15-A2D6-5BE521EFB147} = {8C8DDDBD-3694-406B-96FC-081E97566702}
		{84B4E8B0-D285-4545-95A1-41EF0724FC42} = {D3C155D0-6C41-462C-AE65-786B836E15B2}
		{F4427058-1115-4E5D-BC90-DCD97AD99622} = {D3C155D0-6C41-462C-AE65-786B836E15B2}
		{DFF1902F-E282-423D-80A0-4A3DEE29796F} = {D3C155D0-6C41-462C-AE65-786B836E15B2}
		{A12DFD15-E8C7-4B78-A77C-94F5F2744FE0} = {8C8DDDBD-3694-406B-96FC-081E97566702}
	EndGlobalSection
	GlobalSection(ExtensibilityGlobals) = postSolution
		SolutionGuid = {B283C82B-7056-4E8E-9E9C-CEE7633F41D1}
	EndGlobalSection
EndGlobal
