
Microsoft Visual Studio Solution File, Format Version 12.00
# Visual Studio Version 18
VisualStudioVersion = 18.3.11512.155
MinimumVisualStudioVersion = 10.0.40219.1
Project("{9A19103F-16F7-4668-BE54-9A1E7A4F7556}") = "GizmoTools", "GizmoTool\GizmoTools.csproj", "{84B4E8B0-D285-4545-95A1-41EF0724FC42}"
EndProject
Project("{2150E333-8FDC-42A3-9474-1A3956D46DE8}") = "Editor", "Editor", "{D3C155D0-6C41-462C-AE65-786B836E15B2}"
EndProject
Project("{9A19103F-16F7-4668-BE54-9A1E7A4F7556}") = "CasaEngine.Shaders", "CasaEngine.Shaders\CasaEngine.Shaders.csproj", "{866AF5A0-7D1A-49A3-AE65-54DC86858386}"
EndProject
Project("{9A19103F-16F7-4668-BE54-9A1E7A4F7556}") = "CasaEngine.Compiler", "CasaEngine.Compiler\CasaEngine.Compiler.csproj", "{9AAC1073-CF2B-4745-82B4-313200FA19E2}"
EndProject
Project("{2150E333-8FDC-42A3-9474-1A3956D46DE8}") = "Compiler", "Compiler", "{F6DC6728-5CEA-4837-AA29-282EF115F3F9}"
EndProject
Project("{9A19103F-16F7-4668-BE54-9A1E7A4F7556}") = "CasaEngine.DotNetCompiler", "CasaEngine.DotNetCompiler\CasaEngine.DotNetCompiler.csproj", "{610E85FA-CBF1-4040-8A7A-DD64EC3F4889}"
EndProject
Project("{2150E333-8FDC-42A3-9474-1A3956D46DE8}") = "MGUI", "MGUI", "{224F8C9C-DE8C-4D19-98F4-DD357F717D6C}"
EndProject
Project("{FAE04EC0-301F-11D3-BF4B-00C04F79EFBC}") = "MGUI.Core", "MGUI\MGUI.Core\MGUI.Core.csproj", "{4FDB65A7-42AE-ED33-A261-D9AEB4FDCC71}"
EndProject
Project("{FAE04EC0-301F-11D3-BF4B-00C04F79EFBC}") = "MGUI.Shared", "MGUI\MGUI.Shared\MGUI.Shared.csproj", "{E81B6163-B398-C9B8-BE03-D7D92AD9976D}"
EndProject
Project("{FAE04EC0-301F-11D3-BF4B-00C04F79EFBC}") = "CasaEngine.Editor", "CasaEngine.Editor\CasaEngine.Editor.csproj", "{DB1F0BB6-2A72-4098-AD0B-14D01D1010DD}"
EndProject
Project("{FAE04EC0-301F-11D3-BF4B-00C04F79EFBC}") = "MGUI.FontStashSharp", "MGUI\MGUI.FontStashSharp\MGUI.FontStashSharp.csproj", "{7FF975C2-F343-DBD4-0753-DEF5446AEE6B}"
EndProject
Project("{FAE04EC0-301F-11D3-BF4B-00C04F79EFBC}") = "CasaEngine.EditorServices", "CasaEngine.EditorServices\CasaEngine.EditorServices.csproj", "{AC54EC94-DD03-D0E9-4189-8A863A136E3E}"
EndProject
Project("{FAE04EC0-301F-11D3-BF4B-00C04F79EFBC}") = "CasaEngine", "CasaEngine\CasaEngine.csproj", "{8841A38E-F30E-EE91-1F0E-204F110FB7D4}"
EndProject
Project("{FAE04EC0-301F-11D3-BF4B-00C04F79EFBC}") = "MGUI.MonoGame.Integration", "MGUI\MGUI.MonoGame.Integration\MGUI.MonoGame.Integration.csproj", "{EB90554C-DDD5-4044-B93F-D40C90BD78FA}"
EndProject
Project("{FAE04EC0-301F-11D3-BF4B-00C04F79EFBC}") = "MGUI.Rendering.Abstractions", "MGUI\MGUI.Rendering.Abstractions\MGUI.Rendering.Abstractions.csproj", "{4EC24797-06CE-4527-8E26-5D8B4D736177}"
EndProject
Project("{2150E333-8FDC-42A3-9474-1A3956D46DE8}") = "NvgSharp", "NvgSharp", "{0C0EB4AE-1159-4E8B-832E-400AB43D5525}"
EndProject
Project("{FAE04EC0-301F-11D3-BF4B-00C04F79EFBC}") = "NvgSharp.MonoGame", "NvgSharp\src\XNA\NvgSharp.MonoGame.csproj", "{8D1D5D0C-B127-A303-7836-665750DCEFD7}"
EndProject
Project("{FAE04EC0-301F-11D3-BF4B-00C04F79EFBC}") = "NvgSharp.Text.MonoGame", "NvgSharp\src\NvgSharp.Text\NvgSharp.Text.MonoGame.csproj", "{02AB84A0-1C01-EEA6-6AB6-B23945F54DE7}"
EndProject
Project("{2150E333-8FDC-42A3-9474-1A3956D46DE8}") = "Solution items", "Solution items", "{A4EAD193-F266-4F2B-B958-F91025F68393}"
	ProjectSection(SolutionItems) = preProject
		.gitignore = .gitignore
		.gitmodules = .gitmodules
		Directory.Build.props = Directory.Build.props
		Directory.Packages.props = Directory.Packages.props
		LICENSE = LICENSE
		README.md = README.md
	EndProjectSection
EndProject
Global
	GlobalSection(SolutionConfigurationPlatforms) = preSolution
		Debug|Any CPU = Debug|Any CPU
		Debug|x64 = Debug|x64
		Debug|x86 = Debug|x86
		Release|Any CPU = Release|Any CPU
		Release|x64 = Release|x64
		Release|x86 = Release|x86
	EndGlobalSection
	GlobalSection(ProjectConfigurationPlatforms) = postSolution
		{84B4E8B0-D285-4545-95A1-41EF0724FC42}.Debug|Any CPU.ActiveCfg = Debug|Any CPU
		{84B4E8B0-D285-4545-95A1-41EF0724FC42}.Debug|Any CPU.Build.0 = Debug|Any CPU
		{84B4E8B0-D285-4545-95A1-41EF0724FC42}.Debug|x64.ActiveCfg = Debug|Any CPU
		{84B4E8B0-D285-4545-95A1-41EF0724FC42}.Debug|x86.ActiveCfg = Debug|Any CPU
		{84B4E8B0-D285-4545-95A1-41EF0724FC42}.Debug|x86.Build.0 = Debug|Any CPU
		{84B4E8B0-D285-4545-95A1-41EF0724FC42}.Release|Any CPU.ActiveCfg = Release|Any CPU
		{84B4E8B0-D285-4545-95A1-41EF0724FC42}.Release|Any CPU.Build.0 = Release|Any CPU
		{84B4E8B0-D285-4545-95A1-41EF0724FC42}.Release|x64.ActiveCfg = Release|Any CPU
		{84B4E8B0-D285-4545-95A1-41EF0724FC42}.Release|x64.Build.0 = Release|Any CPU
		{84B4E8B0-D285-4545-95A1-41EF0724FC42}.Release|x86.ActiveCfg = Release|Any CPU
		{84B4E8B0-D285-4545-95A1-41EF0724FC42}.Release|x86.Build.0 = Release|Any CPU
		{866AF5A0-7D1A-49A3-AE65-54DC86858386}.Debug|Any CPU.ActiveCfg = Debug|Any CPU
		{866AF5A0-7D1A-49A3-AE65-54DC86858386}.Debug|Any CPU.Build.0 = Debug|Any CPU
		{866AF5A0-7D1A-49A3-AE65-54DC86858386}.Debug|x64.ActiveCfg = Debug|Any CPU
		{866AF5A0-7D1A-49A3-AE65-54DC86858386}.Debug|x64.Build.0 = Debug|Any CPU
		{866AF5A0-7D1A-49A3-AE65-54DC86858386}.Debug|x86.ActiveCfg = Debug|Any CPU
		{866AF5A0-7D1A-49A3-AE65-54DC86858386}.Debug|x86.Build.0 = Debug|Any CPU
		{866AF5A0-7D1A-49A3-AE65-54DC86858386}.Release|Any CPU.ActiveCfg = Release|Any CPU
		{866AF5A0-7D1A-49A3-AE65-54DC86858386}.Release|Any CPU.Build.0 = Release|Any CPU
		{866AF5A0-7D1A-49A3-AE65-54DC86858386}.Release|x64.ActiveCfg = Release|Any CPU
		{866AF5A0-7D1A-49A3-AE65-54DC86858386}.Release|x64.Build.0 = Release|Any CPU
		{866AF5A0-7D1A-49A3-AE65-54DC86858386}.Release|x86.ActiveCfg = Release|Any CPU
		{866AF5A0-7D1A-49A3-AE65-54DC86858386}.Release|x86.Build.0 = Release|Any CPU
		{9AAC1073-CF2B-4745-82B4-313200FA19E2}.Debug|Any CPU.ActiveCfg = Debug|Any CPU
		{9AAC1073-CF2B-4745-82B4-313200FA19E2}.Debug|Any CPU.Build.0 = Debug|Any CPU
		{9AAC1073-CF2B-4745-82B4-313200FA19E2}.Debug|x64.ActiveCfg = Debug|Any CPU
		{9AAC1073-CF2B-4745-82B4-313200FA19E2}.Debug|x64.Build.0 = Debug|Any CPU
		{9AAC1073-CF2B-4745-82B4-313200FA19E2}.Debug|x86.ActiveCfg = Debug|Any CPU
		{9AAC1073-CF2B-4745-82B4-313200FA19E2}.Debug|x86.Build.0 = Debug|Any CPU
		{9AAC1073-CF2B-4745-82B4-313200FA19E2}.Release|Any CPU.ActiveCfg = Release|Any CPU
		{9AAC1073-CF2B-4745-82B4-313200FA19E2}.Release|Any CPU.Build.0 = Release|Any CPU
		{9AAC1073-CF2B-4745-82B4-313200FA19E2}.Release|x64.ActiveCfg = Release|Any CPU
		{9AAC1073-CF2B-4745-82B4-313200FA19E2}.Release|x64.Build.0 = Release|Any CPU
		{9AAC1073-CF2B-4745-82B4-313200FA19E2}.Release|x86.ActiveCfg = Release|Any CPU
		{9AAC1073-CF2B-4745-82B4-313200FA19E2}.Release|x86.Build.0 = Release|Any CPU
		{610E85FA-CBF1-4040-8A7A-DD64EC3F4889}.Debug|Any CPU.ActiveCfg = Debug|Any CPU
		{610E85FA-CBF1-4040-8A7A-DD64EC3F4889}.Debug|Any CPU.Build.0 = Debug|Any CPU
		{610E85FA-CBF1-4040-8A7A-DD64EC3F4889}.Debug|x64.ActiveCfg = Debug|Any CPU
		{610E85FA-CBF1-4040-8A7A-DD64EC3F4889}.Debug|x64.Build.0 = Debug|Any CPU
		{610E85FA-CBF1-4040-8A7A-DD64EC3F4889}.Debug|x86.ActiveCfg = Debug|Any CPU
		{610E85FA-CBF1-4040-8A7A-DD64EC3F4889}.Debug|x86.Build.0 = Debug|Any CPU
		{610E85FA-CBF1-4040-8A7A-DD64EC3F4889}.Release|Any CPU.ActiveCfg = Release|Any CPU
		{610E85FA-CBF1-4040-8A7A-DD64EC3F4889}.Release|Any CPU.Build.0 = Release|Any CPU
		{610E85FA-CBF1-4040-8A7A-DD64EC3F4889}.Release|x64.ActiveCfg = Release|Any CPU
		{610E85FA-CBF1-4040-8A7A-DD64EC3F4889}.Release|x64.Build.0 = Release|Any CPU
		{610E85FA-CBF1-4040-8A7A-DD64EC3F4889}.Release|x86.ActiveCfg = Release|Any CPU
		{610E85FA-CBF1-4040-8A7A-DD64EC3F4889}.Release|x86.Build.0 = Release|Any CPU
		{4FDB65A7-42AE-ED33-A261-D9AEB4FDCC71}.Debug|Any CPU.ActiveCfg = Debug|Any CPU
		{4FDB65A7-42AE-ED33-A261-D9AEB4FDCC71}.Debug|Any CPU.Build.0 = Debug|Any CPU
		{4FDB65A7-42AE-ED33-A261-D9AEB4FDCC71}.Debug|x64.ActiveCfg = Debug|Any CPU
		{4FDB65A7-42AE-ED33-A261-D9AEB4FDCC71}.Debug|x64.Build.0 = Debug|Any CPU
		{4FDB65A7-42AE-ED33-A261-D9AEB4FDCC71}.Debug|x86.ActiveCfg = Debug|Any CPU
		{4FDB65A7-42AE-ED33-A261-D9AEB4FDCC71}.Debug|x86.Build.0 = Debug|Any CPU
		{4FDB65A7-42AE-ED33-A261-D9AEB4FDCC71}.Release|Any CPU.ActiveCfg = Release|Any CPU
		{4FDB65A7-42AE-ED33-A261-D9AEB4FDCC71}.Release|Any CPU.Build.0 = Release|Any CPU
		{4FDB65A7-42AE-ED33-A261-D9AEB4FDCC71}.Release|x64.ActiveCfg = Release|Any CPU
		{4FDB65A7-42AE-ED33-A261-D9AEB4FDCC71}.Release|x64.Build.0 = Release|Any CPU
		{4FDB65A7-42AE-ED33-A261-D9AEB4FDCC71}.Release|x86.ActiveCfg = Release|Any CPU
		{4FDB65A7-42AE-ED33-A261-D9AEB4FDCC71}.Release|x86.Build.0 = Release|Any CPU
		{E81B6163-B398-C9B8-BE03-D7D92AD9976D}.Debug|Any CPU.ActiveCfg = Debug|Any CPU
		{E81B6163-B398-C9B8-BE03-D7D92AD9976D}.Debug|Any CPU.Build.0 = Debug|Any CPU
		{E81B6163-B398-C9B8-BE03-D7D92AD9976D}.Debug|x64.ActiveCfg = Debug|Any CPU
		{E81B6163-B398-C9B8-BE03-D7D92AD9976D}.Debug|x64.Build.0 = Debug|Any CPU
		{E81B6163-B398-C9B8-BE03-D7D92AD9976D}.Debug|x86.ActiveCfg = Debug|Any CPU
		{E81B6163-B398-C9B8-BE03-D7D92AD9976D}.Debug|x86.Build.0 = Debug|Any CPU
		{E81B6163-B398-C9B8-BE03-D7D92AD9976D}.Release|Any CPU.ActiveCfg = Release|Any CPU
		{E81B6163-B398-C9B8-BE03-D7D92AD9976D}.Release|Any CPU.Build.0 = Release|Any CPU
		{E81B6163-B398-C9B8-BE03-D7D92AD9976D}.Release|x64.ActiveCfg = Release|Any CPU
		{E81B6163-B398-C9B8-BE03-D7D92AD9976D}.Release|x64.Build.0 = Release|Any CPU
		{E81B6163-B398-C9B8-BE03-D7D92AD9976D}.Release|x86.ActiveCfg = Release|Any CPU
		{E81B6163-B398-C9B8-BE03-D7D92AD9976D}.Release|x86.Build.0 = Release|Any CPU
		{DB1F0BB6-2A72-4098-AD0B-14D01D1010DD}.Debug|Any CPU.ActiveCfg = Debug|Any CPU
		{DB1F0BB6-2A72-4098-AD0B-14D01D1010DD}.Debug|Any CPU.Build.0 = Debug|Any CPU
		{DB1F0BB6-2A72-4098-AD0B-14D01D1010DD}.Debug|x64.ActiveCfg = Debug|Any CPU
		{DB1F0BB6-2A72-4098-AD0B-14D01D1010DD}.Debug|x64.Build.0 = Debug|Any CPU
		{DB1F0BB6-2A72-4098-AD0B-14D01D1010DD}.Debug|x86.ActiveCfg = Debug|Any CPU
		{DB1F0BB6-2A72-4098-AD0B-14D01D1010DD}.Debug|x86.Build.0 = Debug|Any CPU
		{DB1F0BB6-2A72-4098-AD0B-14D01D1010DD}.Release|Any CPU.ActiveCfg = Release|Any CPU
		{DB1F0BB6-2A72-4098-AD0B-14D01D1010DD}.Release|Any CPU.Build.0 = Release|Any CPU
		{DB1F0BB6-2A72-4098-AD0B-14D01D1010DD}.Release|x64.ActiveCfg = Release|Any CPU
		{DB1F0BB6-2A72-4098-AD0B-14D01D1010DD}.Release|x64.Build.0 = Release|Any CPU
		{DB1F0BB6-2A72-4098-AD0B-14D01D1010DD}.Release|x86.ActiveCfg = Release|Any CPU
		{DB1F0BB6-2A72-4098-AD0B-14D01D1010DD}.Release|x86.Build.0 = Release|Any CPU
		{7FF975C2-F343-DBD4-0753-DEF5446AEE6B}.Debug|Any CPU.ActiveCfg = Debug|Any CPU
		{7FF975C2-F343-DBD4-0753-DEF5446AEE6B}.Debug|Any CPU.Build.0 = Debug|Any CPU
		{7FF975C2-F343-DBD4-0753-DEF5446AEE6B}.Debug|x64.ActiveCfg = Debug|Any CPU
		{7FF975C2-F343-DBD4-0753-DEF5446AEE6B}.Debug|x64.Build.0 = Debug|Any CPU
		{7FF975C2-F343-DBD4-0753-DEF5446AEE6B}.Debug|x86.ActiveCfg = Debug|Any CPU
		{7FF975C2-F343-DBD4-0753-DEF5446AEE6B}.Debug|x86.Build.0 = Debug|Any CPU
		{7FF975C2-F343-DBD4-0753-DEF5446AEE6B}.Release|Any CPU.ActiveCfg = Release|Any CPU
		{7FF975C2-F343-DBD4-0753-DEF5446AEE6B}.Release|Any CPU.Build.0 = Release|Any CPU
		{7FF975C2-F343-DBD4-0753-DEF5446AEE6B}.Release|x64.ActiveCfg = Release|Any CPU
		{7FF975C2-F343-DBD4-0753-DEF5446AEE6B}.Release|x64.Build.0 = Release|Any CPU
		{7FF975C2-F343-DBD4-0753-DEF5446AEE6B}.Release|x86.ActiveCfg = Release|Any CPU
		{7FF975C2-F343-DBD4-0753-DEF5446AEE6B}.Release|x86.Build.0 = Release|Any CPU
		{AC54EC94-DD03-D0E9-4189-8A863A136E3E}.Debug|Any CPU.ActiveCfg = Debug|Any CPU
		{AC54EC94-DD03-D0E9-4189-8A863A136E3E}.Debug|Any CPU.Build.0 = Debug|Any CPU
		{AC54EC94-DD03-D0E9-4189-8A863A136E3E}.Debug|x64.ActiveCfg = Debug|Any CPU
		{AC54EC94-DD03-D0E9-4189-8A863A136E3E}.Debug|x64.Build.0 = Debug|Any CPU
		{AC54EC94-DD03-D0E9-4189-8A863A136E3E}.Debug|x86.ActiveCfg = Debug|Any CPU
		{AC54EC94-DD03-D0E9-4189-8A863A136E3E}.Debug|x86.Build.0 = Debug|Any CPU
		{AC54EC94-DD03-D0E9-4189-8A863A136E3E}.Release|Any CPU.ActiveCfg = Release|Any CPU
		{AC54EC94-DD03-D0E9-4189-8A863A136E3E}.Release|Any CPU.Build.0 = Release|Any CPU
		{AC54EC94-DD03-D0E9-4189-8A863A136E3E}.Release|x64.ActiveCfg = Release|Any CPU
		{AC54EC94-DD03-D0E9-4189-8A863A136E3E}.Release|x64.Build.0 = Release|Any CPU
		{AC54EC94-DD03-D0E9-4189-8A863A136E3E}.Release|x86.ActiveCfg = Release|Any CPU
		{AC54EC94-DD03-D0E9-4189-8A863A136E3E}.Release|x86.Build.0 = Release|Any CPU
		{8841A38E-F30E-EE91-1F0E-204F110FB7D4}.Debug|Any CPU.ActiveCfg = Debug|Any CPU
		{8841A38E-F30E-EE91-1F0E-204F110FB7D4}.Debug|Any CPU.Build.0 = Debug|Any CPU
		{8841A38E-F30E-EE91-1F0E-204F110FB7D4}.Debug|x64.ActiveCfg = Debug|Any CPU
		{8841A38E-F30E-EE91-1F0E-204F110FB7D4}.Debug|x64.Build.0 = Debug|Any CPU
		{8841A38E-F30E-EE91-1F0E-204F110FB7D4}.Debug|x86.ActiveCfg = Debug|Any CPU
		{8841A38E-F30E-EE91-1F0E-204F110FB7D4}.Debug|x86.Build.0 = Debug|Any CPU
		{8841A38E-F30E-EE91-1F0E-204F110FB7D4}.Release|Any CPU.ActiveCfg = Release|Any CPU
		{8841A38E-F30E-EE91-1F0E-204F110FB7D4}.Release|Any CPU.Build.0 = Release|Any CPU
		{8841A38E-F30E-EE91-1F0E-204F110FB7D4}.Release|x64.ActiveCfg = Release|Any CPU
		{8841A38E-F30E-EE91-1F0E-204F110FB7D4}.Release|x64.Build.0 = Release|Any CPU
		{8841A38E-F30E-EE91-1F0E-204F110FB7D4}.Release|x86.ActiveCfg = Release|Any CPU
		{8841A38E-F30E-EE91-1F0E-204F110FB7D4}.Release|x86.Build.0 = Release|Any CPU
		{EB90554C-DDD5-4044-B93F-D40C90BD78FA}.Debug|Any CPU.ActiveCfg = Debug|Any CPU
		{EB90554C-DDD5-4044-B93F-D40C90BD78FA}.Debug|Any CPU.Build.0 = Debug|Any CPU
		{EB90554C-DDD5-4044-B93F-D40C90BD78FA}.Debug|x64.ActiveCfg = Debug|Any CPU
		{EB90554C-DDD5-4044-B93F-D40C90BD78FA}.Debug|x64.Build.0 = Debug|Any CPU
		{EB90554C-DDD5-4044-B93F-D40C90BD78FA}.Debug|x86.ActiveCfg = Debug|Any CPU
		{EB90554C-DDD5-4044-B93F-D40C90BD78FA}.Debug|x86.Build.0 = Debug|Any CPU
		{EB90554C-DDD5-4044-B93F-D40C90BD78FA}.Release|Any CPU.ActiveCfg = Release|Any CPU
		{EB90554C-DDD5-4044-B93F-D40C90BD78FA}.Release|Any CPU.Build.0 = Release|Any CPU
		{EB90554C-DDD5-4044-B93F-D40C90BD78FA}.Release|x64.ActiveCfg = Release|Any CPU
		{EB90554C-DDD5-4044-B93F-D40C90BD78FA}.Release|x64.Build.0 = Release|Any CPU
		{EB90554C-DDD5-4044-B93F-D40C90BD78FA}.Release|x86.ActiveCfg = Release|Any CPU
		{EB90554C-DDD5-4044-B93F-D40C90BD78FA}.Release|x86.Build.0 = Release|Any CPU
		{4EC24797-06CE-4527-8E26-5D8B4D736177}.Debug|Any CPU.ActiveCfg = Debug|Any CPU
		{4EC24797-06CE-4527-8E26-5D8B4D736177}.Debug|Any CPU.Build.0 = Debug|Any CPU
		{4EC24797-06CE-4527-8E26-5D8B4D736177}.Debug|x64.ActiveCfg = Debug|Any CPU
		{4EC24797-06CE-4527-8E26-5D8B4D736177}.Debug|x64.Build.0 = Debug|Any CPU
		{4EC24797-06CE-4527-8E26-5D8B4D736177}.Debug|x86.ActiveCfg = Debug|Any CPU
		{4EC24797-06CE-4527-8E26-5D8B4D736177}.Debug|x86.Build.0 = Debug|Any CPU
		{4EC24797-06CE-4527-8E26-5D8B4D736177}.Release|Any CPU.ActiveCfg = Release|Any CPU
		{4EC24797-06CE-4527-8E26-5D8B4D736177}.Release|Any CPU.Build.0 = Release|Any CPU
		{4EC24797-06CE-4527-8E26-5D8B4D736177}.Release|x64.ActiveCfg = Release|Any CPU
		{4EC24797-06CE-4527-8E26-5D8B4D736177}.Release|x64.Build.0 = Release|Any CPU
		{4EC24797-06CE-4527-8E26-5D8B4D736177}.Release|x86.ActiveCfg = Release|Any CPU
		{4EC24797-06CE-4527-8E26-5D8B4D736177}.Release|x86.Build.0 = Release|Any CPU
		{8D1D5D0C-B127-A303-7836-665750DCEFD7}.Debug|Any CPU.ActiveCfg = Debug|Any CPU
		{8D1D5D0C-B127-A303-7836-665750DCEFD7}.Debug|Any CPU.Build.0 = Debug|Any CPU
		{8D1D5D0C-B127-A303-7836-665750DCEFD7}.Debug|x64.ActiveCfg = Debug|Any CPU
		{8D1D5D0C-B127-A303-7836-665750DCEFD7}.Debug|x64.Build.0 = Debug|Any CPU
		{8D1D5D0C-B127-A303-7836-665750DCEFD7}.Debug|x86.ActiveCfg = Debug|Any CPU
		{8D1D5D0C-B127-A303-7836-665750DCEFD7}.Debug|x86.Build.0 = Debug|Any CPU
		{8D1D5D0C-B127-A303-7836-665750DCEFD7}.Release|Any CPU.ActiveCfg = Release|Any CPU
		{8D1D5D0C-B127-A303-7836-665750DCEFD7}.Release|Any CPU.Build.0 = Release|Any CPU
		{8D1D5D0C-B127-A303-7836-665750DCEFD7}.Release|x64.ActiveCfg = Release|Any CPU
		{8D1D5D0C-B127-A303-7836-665750DCEFD7}.Release|x64.Build.0 = Release|Any CPU
		{8D1D5D0C-B127-A303-7836-665750DCEFD7}.Release|x86.ActiveCfg = Release|Any CPU
		{8D1D5D0C-B127-A303-7836-665750DCEFD7}.Release|x86.Build.0 = Release|Any CPU
		{02AB84A0-1C01-EEA6-6AB6-B23945F54DE7}.Debug|Any CPU.ActiveCfg = Debug|Any CPU
		{02AB84A0-1C01-EEA6-6AB6-B23945F54DE7}.Debug|Any CPU.Build.0 = Debug|Any CPU
		{02AB84A0-1C01-EEA6-6AB6-B23945F54DE7}.Debug|x64.ActiveCfg = Debug|Any CPU
		{02AB84A0-1C01-EEA6-6AB6-B23945F54DE7}.Debug|x64.Build.0 = Debug|Any CPU
		{02AB84A0-1C01-EEA6-6AB6-B23945F54DE7}.Debug|x86.ActiveCfg = Debug|Any CPU
		{02AB84A0-1C01-EEA6-6AB6-B23945F54DE7}.Debug|x86.Build.0 = Debug|Any CPU
		{02AB84A0-1C01-EEA6-6AB6-B23945F54DE7}.Release|Any CPU.ActiveCfg = Release|Any CPU
		{02AB84A0-1C01-EEA6-6AB6-B23945F54DE7}.Release|Any CPU.Build.0 = Release|Any CPU
		{02AB84A0-1C01-EEA6-6AB6-B23945F54DE7}.Release|x64.ActiveCfg = Release|Any CPU
		{02AB84A0-1C01-EEA6-6AB6-B23945F54DE7}.Release|x64.Build.0 = Release|Any CPU
		{02AB84A0-1C01-EEA6-6AB6-B23945F54DE7}.Release|x86.ActiveCfg = Release|Any CPU
		{02AB84A0-1C01-EEA6-6AB6-B23945F54DE7}.Release|x86.Build.0 = Release|Any CPU
	EndGlobalSection
	GlobalSection(SolutionProperties) = preSolution
		HideSolutionNode = FALSE
	EndGlobalSection
	GlobalSection(NestedProjects) = preSolution
		{84B4E8B0-D285-4545-95A1-41EF0724FC42} = {D3C155D0-6C41-462C-AE65-786B836E15B2}
		{866AF5A0-7D1A-49A3-AE65-54DC86858386} = {F6DC6728-5CEA-4837-AA29-282EF115F3F9}
		{9AAC1073-CF2B-4745-82B4-313200FA19E2} = {F6DC6728-5CEA-4837-AA29-282EF115F3F9}
		{610E85FA-CBF1-4040-8A7A-DD64EC3F4889} = {F6DC6728-5CEA-4837-AA29-282EF115F3F9}
		{4FDB65A7-42AE-ED33-A261-D9AEB4FDCC71} = {224F8C9C-DE8C-4D19-98F4-DD357F717D6C}
		{E81B6163-B398-C9B8-BE03-D7D92AD9976D} = {224F8C9C-DE8C-4D19-98F4-DD357F717D6C}
		{DB1F0BB6-2A72-4098-AD0B-14D01D1010DD} = {D3C155D0-6C41-462C-AE65-786B836E15B2}
		{7FF975C2-F343-DBD4-0753-DEF5446AEE6B} = {224F8C9C-DE8C-4D19-98F4-DD357F717D6C}
		{AC54EC94-DD03-D0E9-4189-8A863A136E3E} = {D3C155D0-6C41-462C-AE65-786B836E15B2}
		{EB90554C-DDD5-4044-B93F-D40C90BD78FA} = {224F8C9C-DE8C-4D19-98F4-DD357F717D6C}
		{4EC24797-06CE-4527-8E26-5D8B4D736177} = {224F8C9C-DE8C-4D19-98F4-DD357F717D6C}
		{8D1D5D0C-B127-A303-7836-665750DCEFD7} = {0C0EB4AE-1159-4E8B-832E-400AB43D5525}
		{02AB84A0-1C01-EEA6-6AB6-B23945F54DE7} = {0C0EB4AE-1159-4E8B-832E-400AB43D5525}
	EndGlobalSection
	GlobalSection(ExtensibilityGlobals) = postSolution
		SolutionGuid = {B283C82B-7056-4E8E-9E9C-CEE7633F41D1}
	EndGlobalSection
EndGlobal
