
Microsoft Visual Studio Solution File, Format Version 12.00
# Visual Studio Version 17
VisualStudioVersion = 17.4.33213.308
MinimumVisualStudioVersion = 10.0.40219.1
Project("{9A19103F-16F7-4668-BE54-9A1E7A4F7556}") = "CasaEngine.WithEditor", "CasaEngine\CasaEngine.WithEditor.csproj", "{36D16292-D92F-4087-8BE7-A09AD6D5AC05}"
EndProject
Project("{9A19103F-16F7-4668-BE54-9A1E7A4F7556}") = "CasaEngine.Editor", "CasaEngine.Editor\CasaEngine.Editor.csproj", "{F2707E78-7C71-43AC-A27A-0E2FB32BB684}"
EndProject
Project("{9A19103F-16F7-4668-BE54-9A1E7A4F7556}") = "GizmoTools", "GizmoTool\GizmoTools.csproj", "{84B4E8B0-D285-4545-95A1-41EF0724FC42}"
EndProject
Project("{9A19103F-16F7-4668-BE54-9A1E7A4F7556}") = "MonoGame.Framework.Wpf.Core", "MonoGame.Framework.Wpf.Core\MonoGame.Framework.Wpf.Core.csproj", "{F4427058-1115-4E5D-BC90-DCD97AD99622}"
EndProject
Project("{9A19103F-16F7-4668-BE54-9A1E7A4F7556}") = "CasaEngine.WpfControls", "CasaEngine.WpfControls\CasaEngine.WpfControls.csproj", "{DFF1902F-E282-423D-80A0-4A3DEE29796F}"
EndProject
Project("{2150E333-8FDC-42A3-9474-1A3956D46DE8}") = "Editor", "Editor", "{D3C155D0-6C41-462C-AE65-786B836E15B2}"
EndProject
Project("{9A19103F-16F7-4668-BE54-9A1E7A4F7556}") = "CasaEngine.Shaders", "CasaEngine.Shaders\CasaEngine.Shaders.csproj", "{866AF5A0-7D1A-49A3-AE65-54DC86858386}"
EndProject
Project("{9A19103F-16F7-4668-BE54-9A1E7A4F7556}") = "TomShane.Neoforce.Controls", "TomShane.Neoforce.Controls\TomShane.Neoforce.Controls.csproj", "{81243B70-F3A8-43B8-8B98-ECF0B68F9894}"
EndProject
Project("{9A19103F-16F7-4668-BE54-9A1E7A4F7556}") = "FlowGraph", "FlowGraph\FlowGraph\FlowGraph.csproj", "{9393389E-9FA9-4E24-A2A5-5D44A1A00501}"
EndProject
Project("{9A19103F-16F7-4668-BE54-9A1E7A4F7556}") = "FlowGraphTest", "FlowGraph\FlowGraphTest\FlowGraphTest.csproj", "{6586CDFF-E65A-45C4-B68F-F10946C7E1DE}"
EndProject
Project("{9A19103F-16F7-4668-BE54-9A1E7A4F7556}") = "AdornedControl", "FlowGraph\Controls\AdornedControl\AdornedControl.csproj", "{824C2AD5-5C26-46D5-84C7-2D2301EDFEBF}"
EndProject
Project("{9A19103F-16F7-4668-BE54-9A1E7A4F7556}") = "FlowGraphUI", "FlowGraph\Controls\FlowGraphUI\FlowGraphUI.csproj", "{2A5C5C5A-C6FE-4B62-B251-7AC7167F5419}"
EndProject
Project("{9A19103F-16F7-4668-BE54-9A1E7A4F7556}") = "MouseDragScrollViewer", "FlowGraph\Controls\MouseDragDropScrollViewer\MouseDragScrollViewer.csproj", "{98C27855-1BFF-465D-B217-43F966C79323}"
EndProject
Project("{9A19103F-16F7-4668-BE54-9A1E7A4F7556}") = "NetworkModel", "FlowGraph\Controls\NetworkModel\NetworkModel.csproj", "{B45F0A0C-4E6E-48FA-8111-B4BD42D33637}"
EndProject
Project("{9A19103F-16F7-4668-BE54-9A1E7A4F7556}") = "NetworkUI", "FlowGraph\Controls\NetworkUI\NetworkUI.csproj", "{5325B355-9F4B-4E26-8275-913A74D327D2}"
EndProject
Project("{9A19103F-16F7-4668-BE54-9A1E7A4F7556}") = "Utils", "FlowGraph\Controls\Utils\Utils.csproj", "{676133C4-D4F0-42E1-A338-56E881068322}"
EndProject
Project("{9A19103F-16F7-4668-BE54-9A1E7A4F7556}") = "ZoomAndPan", "FlowGraph\Controls\ZoomAndPan\ZoomAndPan.csproj", "{CD7E94B2-1825-4606-86A4-06462AEE1C60}"
EndProject
Project("{2150E333-8FDC-42A3-9474-1A3956D46DE8}") = "FlowGraph", "FlowGraph", "{2A7963B6-D2EF-4D09-B599-2ADB207D8DB8}"
EndProject
Project("{9A19103F-16F7-4668-BE54-9A1E7A4F7556}") = "Logger", "FlowGraph\Controls\Logger\Logger.csproj", "{C478AABC-80B0-45A5-B905-5973B122C59C}"
EndProject
Project("{9A19103F-16F7-4668-BE54-9A1E7A4F7556}") = "UiTools", "FlowGraph\Controls\UiTools\UiTools.csproj", "{36B331A7-771E-4BF2-A652-034957A08209}"
EndProject
Project("{9A19103F-16F7-4668-BE54-9A1E7A4F7556}") = "CasaEngine.Compiler", "CasaEngine.Compiler\CasaEngine.Compiler.csproj", "{9AAC1073-CF2B-4745-82B4-313200FA19E2}"
EndProject
Project("{2150E333-8FDC-42A3-9474-1A3956D46DE8}") = "Compiler", "Compiler", "{F6DC6728-5CEA-4837-AA29-282EF115F3F9}"
EndProject
Project("{9A19103F-16F7-4668-BE54-9A1E7A4F7556}") = "CasaEngine.FlowGraphNodes", "CasaEngine.FlowGraphNodes\CasaEngine.FlowGraphNodes.csproj", "{6949765C-4E41-4851-B111-9EB094553FCE}"
EndProject
Project("{9A19103F-16F7-4668-BE54-9A1E7A4F7556}") = "DotNetCodeGenerator", "FlowGraph\DotNetCodeGenerator\DotNetCodeGenerator.csproj", "{B38C69EF-9D48-47FB-8D03-BBB3A7BEFBBC}"
EndProject
Project("{9A19103F-16F7-4668-BE54-9A1E7A4F7556}") = "CasaEngine.DotNetCompiler", "CasaEngine.DotNetCompiler\CasaEngine.DotNetCompiler.csproj", "{610E85FA-CBF1-4040-8A7A-DD64EC3F4889}"
EndProject
Project("{FAE04EC0-301F-11D3-BF4B-00C04F79EFBC}") = "CasaEngine.Tests", "CasaEngine.Tests\CasaEngine.Tests\CasaEngine.Tests.csproj", "{62962C96-5D18-4509-93BD-949563918D8D}"
EndProject
Global
	GlobalSection(SolutionConfigurationPlatforms) = preSolution
		Debug|Any CPU = Debug|Any CPU
		Debug|x64 = Debug|x64
		Release|Any CPU = Release|Any CPU
		Release|x64 = Release|x64
	EndGlobalSection
	GlobalSection(ProjectConfigurationPlatforms) = postSolution
		{36D16292-D92F-4087-8BE7-A09AD6D5AC05}.Debug|Any CPU.ActiveCfg = Debug|Any CPU
		{36D16292-D92F-4087-8BE7-A09AD6D5AC05}.Debug|Any CPU.Build.0 = Debug|Any CPU
		{36D16292-D92F-4087-8BE7-A09AD6D5AC05}.Debug|x64.ActiveCfg = Debug|Any CPU
		{36D16292-D92F-4087-8BE7-A09AD6D5AC05}.Debug|x64.Build.0 = Debug|Any CPU
		{36D16292-D92F-4087-8BE7-A09AD6D5AC05}.Release|Any CPU.ActiveCfg = Release|Any CPU
		{36D16292-D92F-4087-8BE7-A09AD6D5AC05}.Release|Any CPU.Build.0 = Release|Any CPU
		{36D16292-D92F-4087-8BE7-A09AD6D5AC05}.Release|x64.ActiveCfg = Release|Any CPU
		{36D16292-D92F-4087-8BE7-A09AD6D5AC05}.Release|x64.Build.0 = Release|Any CPU
		{F2707E78-7C71-43AC-A27A-0E2FB32BB684}.Debug|Any CPU.ActiveCfg = Debug|Any CPU
		{F2707E78-7C71-43AC-A27A-0E2FB32BB684}.Debug|Any CPU.Build.0 = Debug|Any CPU
		{F2707E78-7C71-43AC-A27A-0E2FB32BB684}.Debug|x64.ActiveCfg = Debug|Any CPU
		{F2707E78-7C71-43AC-A27A-0E2FB32BB684}.Release|Any CPU.ActiveCfg = Release|Any CPU
		{F2707E78-7C71-43AC-A27A-0E2FB32BB684}.Release|Any CPU.Build.0 = Release|Any CPU
		{F2707E78-7C71-43AC-A27A-0E2FB32BB684}.Release|x64.ActiveCfg = Release|Any CPU
		{F2707E78-7C71-43AC-A27A-0E2FB32BB684}.Release|x64.Build.0 = Release|Any CPU
		{84B4E8B0-D285-4545-95A1-41EF0724FC42}.Debug|Any CPU.ActiveCfg = Debug|Any CPU
		{84B4E8B0-D285-4545-95A1-41EF0724FC42}.Debug|Any CPU.Build.0 = Debug|Any CPU
		{84B4E8B0-D285-4545-95A1-41EF0724FC42}.Debug|x64.ActiveCfg = Debug|Any CPU
		{84B4E8B0-D285-4545-95A1-41EF0724FC42}.Release|Any CPU.ActiveCfg = Release|Any CPU
		{84B4E8B0-D285-4545-95A1-41EF0724FC42}.Release|Any CPU.Build.0 = Release|Any CPU
		{84B4E8B0-D285-4545-95A1-41EF0724FC42}.Release|x64.ActiveCfg = Release|Any CPU
		{84B4E8B0-D285-4545-95A1-41EF0724FC42}.Release|x64.Build.0 = Release|Any CPU
		{F4427058-1115-4E5D-BC90-DCD97AD99622}.Debug|Any CPU.ActiveCfg = Debug|Any CPU
		{F4427058-1115-4E5D-BC90-DCD97AD99622}.Debug|Any CPU.Build.0 = Debug|Any CPU
		{F4427058-1115-4E5D-BC90-DCD97AD99622}.Debug|x64.ActiveCfg = Debug|Any CPU
		{F4427058-1115-4E5D-BC90-DCD97AD99622}.Release|Any CPU.ActiveCfg = Release|Any CPU
		{F4427058-1115-4E5D-BC90-DCD97AD99622}.Release|Any CPU.Build.0 = Release|Any CPU
		{F4427058-1115-4E5D-BC90-DCD97AD99622}.Release|x64.ActiveCfg = Release|Any CPU
		{F4427058-1115-4E5D-BC90-DCD97AD99622}.Release|x64.Build.0 = Release|Any CPU
		{DFF1902F-E282-423D-80A0-4A3DEE29796F}.Debug|Any CPU.ActiveCfg = Debug|Any CPU
		{DFF1902F-E282-423D-80A0-4A3DEE29796F}.Debug|Any CPU.Build.0 = Debug|Any CPU
		{DFF1902F-E282-423D-80A0-4A3DEE29796F}.Debug|x64.ActiveCfg = Debug|Any CPU
		{DFF1902F-E282-423D-80A0-4A3DEE29796F}.Debug|x64.Build.0 = Debug|Any CPU
		{DFF1902F-E282-423D-80A0-4A3DEE29796F}.Release|Any CPU.ActiveCfg = Release|Any CPU
		{DFF1902F-E282-423D-80A0-4A3DEE29796F}.Release|Any CPU.Build.0 = Release|Any CPU
		{DFF1902F-E282-423D-80A0-4A3DEE29796F}.Release|x64.ActiveCfg = Release|Any CPU
		{DFF1902F-E282-423D-80A0-4A3DEE29796F}.Release|x64.Build.0 = Release|Any CPU
		{866AF5A0-7D1A-49A3-AE65-54DC86858386}.Debug|Any CPU.ActiveCfg = Debug|Any CPU
		{866AF5A0-7D1A-49A3-AE65-54DC86858386}.Debug|Any CPU.Build.0 = Debug|Any CPU
		{866AF5A0-7D1A-49A3-AE65-54DC86858386}.Debug|x64.ActiveCfg = Debug|Any CPU
		{866AF5A0-7D1A-49A3-AE65-54DC86858386}.Debug|x64.Build.0 = Debug|Any CPU
		{866AF5A0-7D1A-49A3-AE65-54DC86858386}.Release|Any CPU.ActiveCfg = Release|Any CPU
		{866AF5A0-7D1A-49A3-AE65-54DC86858386}.Release|Any CPU.Build.0 = Release|Any CPU
		{866AF5A0-7D1A-49A3-AE65-54DC86858386}.Release|x64.ActiveCfg = Release|Any CPU
		{866AF5A0-7D1A-49A3-AE65-54DC86858386}.Release|x64.Build.0 = Release|Any CPU
		{81243B70-F3A8-43B8-8B98-ECF0B68F9894}.Debug|Any CPU.ActiveCfg = Debug|Any CPU
		{81243B70-F3A8-43B8-8B98-ECF0B68F9894}.Debug|Any CPU.Build.0 = Debug|Any CPU
		{81243B70-F3A8-43B8-8B98-ECF0B68F9894}.Debug|x64.ActiveCfg = Debug|Any CPU
		{81243B70-F3A8-43B8-8B98-ECF0B68F9894}.Debug|x64.Build.0 = Debug|Any CPU
		{81243B70-F3A8-43B8-8B98-ECF0B68F9894}.Release|Any CPU.ActiveCfg = Release|Any CPU
		{81243B70-F3A8-43B8-8B98-ECF0B68F9894}.Release|Any CPU.Build.0 = Release|Any CPU
		{81243B70-F3A8-43B8-8B98-ECF0B68F9894}.Release|x64.ActiveCfg = Release|Any CPU
		{81243B70-F3A8-43B8-8B98-ECF0B68F9894}.Release|x64.Build.0 = Release|Any CPU
		{9393389E-9FA9-4E24-A2A5-5D44A1A00501}.Debug|Any CPU.ActiveCfg = Debug|Any CPU
		{9393389E-9FA9-4E24-A2A5-5D44A1A00501}.Debug|Any CPU.Build.0 = Debug|Any CPU
		{9393389E-9FA9-4E24-A2A5-5D44A1A00501}.Debug|x64.ActiveCfg = Debug|Any CPU
		{9393389E-9FA9-4E24-A2A5-5D44A1A00501}.Debug|x64.Build.0 = Debug|Any CPU
		{9393389E-9FA9-4E24-A2A5-5D44A1A00501}.Release|Any CPU.ActiveCfg = Release|Any CPU
		{9393389E-9FA9-4E24-A2A5-5D44A1A00501}.Release|Any CPU.Build.0 = Release|Any CPU
		{9393389E-9FA9-4E24-A2A5-5D44A1A00501}.Release|x64.ActiveCfg = Release|Any CPU
		{9393389E-9FA9-4E24-A2A5-5D44A1A00501}.Release|x64.Build.0 = Release|Any CPU
		{6586CDFF-E65A-45C4-B68F-F10946C7E1DE}.Debug|Any CPU.ActiveCfg = Debug|Any CPU
		{6586CDFF-E65A-45C4-B68F-F10946C7E1DE}.Debug|Any CPU.Build.0 = Debug|Any CPU
		{6586CDFF-E65A-45C4-B68F-F10946C7E1DE}.Debug|x64.ActiveCfg = Debug|Any CPU
		{6586CDFF-E65A-45C4-B68F-F10946C7E1DE}.Debug|x64.Build.0 = Debug|Any CPU
		{6586CDFF-E65A-45C4-B68F-F10946C7E1DE}.Release|Any CPU.ActiveCfg = Release|Any CPU
		{6586CDFF-E65A-45C4-B68F-F10946C7E1DE}.Release|Any CPU.Build.0 = Release|Any CPU
		{6586CDFF-E65A-45C4-B68F-F10946C7E1DE}.Release|x64.ActiveCfg = Release|Any CPU
		{6586CDFF-E65A-45C4-B68F-F10946C7E1DE}.Release|x64.Build.0 = Release|Any CPU
		{824C2AD5-5C26-46D5-84C7-2D2301EDFEBF}.Debug|Any CPU.ActiveCfg = Debug|Any CPU
		{824C2AD5-5C26-46D5-84C7-2D2301EDFEBF}.Debug|Any CPU.Build.0 = Debug|Any CPU
		{824C2AD5-5C26-46D5-84C7-2D2301EDFEBF}.Debug|x64.ActiveCfg = Debug|Any CPU
		{824C2AD5-5C26-46D5-84C7-2D2301EDFEBF}.Debug|x64.Build.0 = Debug|Any CPU
		{824C2AD5-5C26-46D5-84C7-2D2301EDFEBF}.Release|Any CPU.ActiveCfg = Release|Any CPU
		{824C2AD5-5C26-46D5-84C7-2D2301EDFEBF}.Release|Any CPU.Build.0 = Release|Any CPU
		{824C2AD5-5C26-46D5-84C7-2D2301EDFEBF}.Release|x64.ActiveCfg = Release|Any CPU
		{824C2AD5-5C26-46D5-84C7-2D2301EDFEBF}.Release|x64.Build.0 = Release|Any CPU
		{2A5C5C5A-C6FE-4B62-B251-7AC7167F5419}.Debug|Any CPU.ActiveCfg = Debug|Any CPU
		{2A5C5C5A-C6FE-4B62-B251-7AC7167F5419}.Debug|Any CPU.Build.0 = Debug|Any CPU
		{2A5C5C5A-C6FE-4B62-B251-7AC7167F5419}.Debug|x64.ActiveCfg = Debug|Any CPU
		{2A5C5C5A-C6FE-4B62-B251-7AC7167F5419}.Debug|x64.Build.0 = Debug|Any CPU
		{2A5C5C5A-C6FE-4B62-B251-7AC7167F5419}.Release|Any CPU.ActiveCfg = Release|Any CPU
		{2A5C5C5A-C6FE-4B62-B251-7AC7167F5419}.Release|Any CPU.Build.0 = Release|Any CPU
		{2A5C5C5A-C6FE-4B62-B251-7AC7167F5419}.Release|x64.ActiveCfg = Release|Any CPU
		{2A5C5C5A-C6FE-4B62-B251-7AC7167F5419}.Release|x64.Build.0 = Release|Any CPU
		{98C27855-1BFF-465D-B217-43F966C79323}.Debug|Any CPU.ActiveCfg = Debug|Any CPU
		{98C27855-1BFF-465D-B217-43F966C79323}.Debug|Any CPU.Build.0 = Debug|Any CPU
		{98C27855-1BFF-465D-B217-43F966C79323}.Debug|x64.ActiveCfg = Debug|Any CPU
		{98C27855-1BFF-465D-B217-43F966C79323}.Debug|x64.Build.0 = Debug|Any CPU
		{98C27855-1BFF-465D-B217-43F966C79323}.Release|Any CPU.ActiveCfg = Release|Any CPU
		{98C27855-1BFF-465D-B217-43F966C79323}.Release|Any CPU.Build.0 = Release|Any CPU
		{98C27855-1BFF-465D-B217-43F966C79323}.Release|x64.ActiveCfg = Release|Any CPU
		{98C27855-1BFF-465D-B217-43F966C79323}.Release|x64.Build.0 = Release|Any CPU
		{B45F0A0C-4E6E-48FA-8111-B4BD42D33637}.Debug|Any CPU.ActiveCfg = Debug|Any CPU
		{B45F0A0C-4E6E-48FA-8111-B4BD42D33637}.Debug|Any CPU.Build.0 = Debug|Any CPU
		{B45F0A0C-4E6E-48FA-8111-B4BD42D33637}.Debug|x64.ActiveCfg = Debug|Any CPU
		{B45F0A0C-4E6E-48FA-8111-B4BD42D33637}.Debug|x64.Build.0 = Debug|Any CPU
		{B45F0A0C-4E6E-48FA-8111-B4BD42D33637}.Release|Any CPU.ActiveCfg = Release|Any CPU
		{B45F0A0C-4E6E-48FA-8111-B4BD42D33637}.Release|Any CPU.Build.0 = Release|Any CPU
		{B45F0A0C-4E6E-48FA-8111-B4BD42D33637}.Release|x64.ActiveCfg = Release|Any CPU
		{B45F0A0C-4E6E-48FA-8111-B4BD42D33637}.Release|x64.Build.0 = Release|Any CPU
		{5325B355-9F4B-4E26-8275-913A74D327D2}.Debug|Any CPU.ActiveCfg = Debug|Any CPU
		{5325B355-9F4B-4E26-8275-913A74D327D2}.Debug|Any CPU.Build.0 = Debug|Any CPU
		{5325B355-9F4B-4E26-8275-913A74D327D2}.Debug|x64.ActiveCfg = Debug|Any CPU
		{5325B355-9F4B-4E26-8275-913A74D327D2}.Debug|x64.Build.0 = Debug|Any CPU
		{5325B355-9F4B-4E26-8275-913A74D327D2}.Release|Any CPU.ActiveCfg = Release|Any CPU
		{5325B355-9F4B-4E26-8275-913A74D327D2}.Release|Any CPU.Build.0 = Release|Any CPU
		{5325B355-9F4B-4E26-8275-913A74D327D2}.Release|x64.ActiveCfg = Release|Any CPU
		{5325B355-9F4B-4E26-8275-913A74D327D2}.Release|x64.Build.0 = Release|Any CPU
		{676133C4-D4F0-42E1-A338-56E881068322}.Debug|Any CPU.ActiveCfg = Debug|Any CPU
		{676133C4-D4F0-42E1-A338-56E881068322}.Debug|Any CPU.Build.0 = Debug|Any CPU
		{676133C4-D4F0-42E1-A338-56E881068322}.Debug|x64.ActiveCfg = Debug|Any CPU
		{676133C4-D4F0-42E1-A338-56E881068322}.Debug|x64.Build.0 = Debug|Any CPU
		{676133C4-D4F0-42E1-A338-56E881068322}.Release|Any CPU.ActiveCfg = Release|Any CPU
		{676133C4-D4F0-42E1-A338-56E881068322}.Release|Any CPU.Build.0 = Release|Any CPU
		{676133C4-D4F0-42E1-A338-56E881068322}.Release|x64.ActiveCfg = Release|Any CPU
		{676133C4-D4F0-42E1-A338-56E881068322}.Release|x64.Build.0 = Release|Any CPU
		{CD7E94B2-1825-4606-86A4-06462AEE1C60}.Debug|Any CPU.ActiveCfg = Debug|Any CPU
		{CD7E94B2-1825-4606-86A4-06462AEE1C60}.Debug|Any CPU.Build.0 = Debug|Any CPU
		{CD7E94B2-1825-4606-86A4-06462AEE1C60}.Debug|x64.ActiveCfg = Debug|Any CPU
		{CD7E94B2-1825-4606-86A4-06462AEE1C60}.Debug|x64.Build.0 = Debug|Any CPU
		{CD7E94B2-1825-4606-86A4-06462AEE1C60}.Release|Any CPU.ActiveCfg = Release|Any CPU
		{CD7E94B2-1825-4606-86A4-06462AEE1C60}.Release|Any CPU.Build.0 = Release|Any CPU
		{CD7E94B2-1825-4606-86A4-06462AEE1C60}.Release|x64.ActiveCfg = Release|Any CPU
		{CD7E94B2-1825-4606-86A4-06462AEE1C60}.Release|x64.Build.0 = Release|Any CPU
		{C478AABC-80B0-45A5-B905-5973B122C59C}.Debug|Any CPU.ActiveCfg = Debug|Any CPU
		{C478AABC-80B0-45A5-B905-5973B122C59C}.Debug|Any CPU.Build.0 = Debug|Any CPU
		{C478AABC-80B0-45A5-B905-5973B122C59C}.Debug|x64.ActiveCfg = Debug|Any CPU
		{C478AABC-80B0-45A5-B905-5973B122C59C}.Debug|x64.Build.0 = Debug|Any CPU
		{C478AABC-80B0-45A5-B905-5973B122C59C}.Release|Any CPU.ActiveCfg = Release|Any CPU
		{C478AABC-80B0-45A5-B905-5973B122C59C}.Release|Any CPU.Build.0 = Release|Any CPU
		{C478AABC-80B0-45A5-B905-5973B122C59C}.Release|x64.ActiveCfg = Release|Any CPU
		{C478AABC-80B0-45A5-B905-5973B122C59C}.Release|x64.Build.0 = Release|Any CPU
		{36B331A7-771E-4BF2-A652-034957A08209}.Debug|Any CPU.ActiveCfg = Debug|Any CPU
		{36B331A7-771E-4BF2-A652-034957A08209}.Debug|Any CPU.Build.0 = Debug|Any CPU
		{36B331A7-771E-4BF2-A652-034957A08209}.Debug|x64.ActiveCfg = Debug|Any CPU
		{36B331A7-771E-4BF2-A652-034957A08209}.Debug|x64.Build.0 = Debug|Any CPU
		{36B331A7-771E-4BF2-A652-034957A08209}.Release|Any CPU.ActiveCfg = Release|Any CPU
		{36B331A7-771E-4BF2-A652-034957A08209}.Release|Any CPU.Build.0 = Release|Any CPU
		{36B331A7-771E-4BF2-A652-034957A08209}.Release|x64.ActiveCfg = Release|Any CPU
		{36B331A7-771E-4BF2-A652-034957A08209}.Release|x64.Build.0 = Release|Any CPU
		{9AAC1073-CF2B-4745-82B4-313200FA19E2}.Debug|Any CPU.ActiveCfg = Debug|Any CPU
		{9AAC1073-CF2B-4745-82B4-313200FA19E2}.Debug|Any CPU.Build.0 = Debug|Any CPU
		{9AAC1073-CF2B-4745-82B4-313200FA19E2}.Debug|x64.ActiveCfg = Debug|Any CPU
		{9AAC1073-CF2B-4745-82B4-313200FA19E2}.Debug|x64.Build.0 = Debug|Any CPU
		{9AAC1073-CF2B-4745-82B4-313200FA19E2}.Release|Any CPU.ActiveCfg = Release|Any CPU
		{9AAC1073-CF2B-4745-82B4-313200FA19E2}.Release|Any CPU.Build.0 = Release|Any CPU
		{9AAC1073-CF2B-4745-82B4-313200FA19E2}.Release|x64.ActiveCfg = Release|Any CPU
		{9AAC1073-CF2B-4745-82B4-313200FA19E2}.Release|x64.Build.0 = Release|Any CPU
		{6949765C-4E41-4851-B111-9EB094553FCE}.Debug|Any CPU.ActiveCfg = Debug|Any CPU
		{6949765C-4E41-4851-B111-9EB094553FCE}.Debug|Any CPU.Build.0 = Debug|Any CPU
		{6949765C-4E41-4851-B111-9EB094553FCE}.Debug|x64.ActiveCfg = Debug|Any CPU
		{6949765C-4E41-4851-B111-9EB094553FCE}.Debug|x64.Build.0 = Debug|Any CPU
		{6949765C-4E41-4851-B111-9EB094553FCE}.Release|Any CPU.ActiveCfg = Release|Any CPU
		{6949765C-4E41-4851-B111-9EB094553FCE}.Release|Any CPU.Build.0 = Release|Any CPU
		{6949765C-4E41-4851-B111-9EB094553FCE}.Release|x64.ActiveCfg = Release|Any CPU
		{6949765C-4E41-4851-B111-9EB094553FCE}.Release|x64.Build.0 = Release|Any CPU
		{B38C69EF-9D48-47FB-8D03-BBB3A7BEFBBC}.Debug|Any CPU.ActiveCfg = Debug|Any CPU
		{B38C69EF-9D48-47FB-8D03-BBB3A7BEFBBC}.Debug|Any CPU.Build.0 = Debug|Any CPU
		{B38C69EF-9D48-47FB-8D03-BBB3A7BEFBBC}.Debug|x64.ActiveCfg = Debug|Any CPU
		{B38C69EF-9D48-47FB-8D03-BBB3A7BEFBBC}.Debug|x64.Build.0 = Debug|Any CPU
		{B38C69EF-9D48-47FB-8D03-BBB3A7BEFBBC}.Release|Any CPU.ActiveCfg = Release|Any CPU
		{B38C69EF-9D48-47FB-8D03-BBB3A7BEFBBC}.Release|Any CPU.Build.0 = Release|Any CPU
		{B38C69EF-9D48-47FB-8D03-BBB3A7BEFBBC}.Release|x64.ActiveCfg = Release|Any CPU
		{B38C69EF-9D48-47FB-8D03-BBB3A7BEFBBC}.Release|x64.Build.0 = Release|Any CPU
		{610E85FA-CBF1-4040-8A7A-DD64EC3F4889}.Debug|Any CPU.ActiveCfg = Debug|Any CPU
		{610E85FA-CBF1-4040-8A7A-DD64EC3F4889}.Debug|Any CPU.Build.0 = Debug|Any CPU
		{610E85FA-CBF1-4040-8A7A-DD64EC3F4889}.Debug|x64.ActiveCfg = Debug|Any CPU
		{610E85FA-CBF1-4040-8A7A-DD64EC3F4889}.Debug|x64.Build.0 = Debug|Any CPU
		{610E85FA-CBF1-4040-8A7A-DD64EC3F4889}.Release|Any CPU.ActiveCfg = Release|Any CPU
		{610E85FA-CBF1-4040-8A7A-DD64EC3F4889}.Release|Any CPU.Build.0 = Release|Any CPU
		{610E85FA-CBF1-4040-8A7A-DD64EC3F4889}.Release|x64.ActiveCfg = Release|Any CPU
		{610E85FA-CBF1-4040-8A7A-DD64EC3F4889}.Release|x64.Build.0 = Release|Any CPU
		{62962C96-5D18-4509-93BD-949563918D8D}.Debug|Any CPU.ActiveCfg = Debug|Any CPU
		{62962C96-5D18-4509-93BD-949563918D8D}.Debug|Any CPU.Build.0 = Debug|Any CPU
		{62962C96-5D18-4509-93BD-949563918D8D}.Debug|x64.ActiveCfg = Debug|Any CPU
		{62962C96-5D18-4509-93BD-949563918D8D}.Debug|x64.Build.0 = Debug|Any CPU
		{62962C96-5D18-4509-93BD-949563918D8D}.Release|Any CPU.ActiveCfg = Release|Any CPU
		{62962C96-5D18-4509-93BD-949563918D8D}.Release|Any CPU.Build.0 = Release|Any CPU
		{62962C96-5D18-4509-93BD-949563918D8D}.Release|x64.ActiveCfg = Release|Any CPU
		{62962C96-5D18-4509-93BD-949563918D8D}.Release|x64.Build.0 = Release|Any CPU
	EndGlobalSection
	GlobalSection(SolutionProperties) = preSolution
		HideSolutionNode = FALSE
	EndGlobalSection
	GlobalSection(NestedProjects) = preSolution
		{F2707E78-7C71-43AC-A27A-0E2FB32BB684} = {D3C155D0-6C41-462C-AE65-786B836E15B2}
		{84B4E8B0-D285-4545-95A1-41EF0724FC42} = {D3C155D0-6C41-462C-AE65-786B836E15B2}
		{F4427058-1115-4E5D-BC90-DCD97AD99622} = {D3C155D0-6C41-462C-AE65-786B836E15B2}
		{DFF1902F-E282-423D-80A0-4A3DEE29796F} = {D3C155D0-6C41-462C-AE65-786B836E15B2}
		{866AF5A0-7D1A-49A3-AE65-54DC86858386} = {F6DC6728-5CEA-4837-AA29-282EF115F3F9}
		{9393389E-9FA9-4E24-A2A5-5D44A1A00501} = {2A7963B6-D2EF-4D09-B599-2ADB207D8DB8}
		{6586CDFF-E65A-45C4-B68F-F10946C7E1DE} = {2A7963B6-D2EF-4D09-B599-2ADB207D8DB8}
		{824C2AD5-5C26-46D5-84C7-2D2301EDFEBF} = {2A7963B6-D2EF-4D09-B599-2ADB207D8DB8}
		{2A5C5C5A-C6FE-4B62-B251-7AC7167F5419} = {2A7963B6-D2EF-4D09-B599-2ADB207D8DB8}
		{98C27855-1BFF-465D-B217-43F966C79323} = {2A7963B6-D2EF-4D09-B599-2ADB207D8DB8}
		{B45F0A0C-4E6E-48FA-8111-B4BD42D33637} = {2A7963B6-D2EF-4D09-B599-2ADB207D8DB8}
		{5325B355-9F4B-4E26-8275-913A74D327D2} = {2A7963B6-D2EF-4D09-B599-2ADB207D8DB8}
		{676133C4-D4F0-42E1-A338-56E881068322} = {2A7963B6-D2EF-4D09-B599-2ADB207D8DB8}
		{CD7E94B2-1825-4606-86A4-06462AEE1C60} = {2A7963B6-D2EF-4D09-B599-2ADB207D8DB8}
		{C478AABC-80B0-45A5-B905-5973B122C59C} = {2A7963B6-D2EF-4D09-B599-2ADB207D8DB8}
		{36B331A7-771E-4BF2-A652-034957A08209} = {2A7963B6-D2EF-4D09-B599-2ADB207D8DB8}
		{9AAC1073-CF2B-4745-82B4-313200FA19E2} = {F6DC6728-5CEA-4837-AA29-282EF115F3F9}
		{6949765C-4E41-4851-B111-9EB094553FCE} = {2A7963B6-D2EF-4D09-B599-2ADB207D8DB8}
		{B38C69EF-9D48-47FB-8D03-BBB3A7BEFBBC} = {2A7963B6-D2EF-4D09-B599-2ADB207D8DB8}
		{610E85FA-CBF1-4040-8A7A-DD64EC3F4889} = {F6DC6728-5CEA-4837-AA29-282EF115F3F9}
	EndGlobalSection
	GlobalSection(ExtensibilityGlobals) = postSolution
		SolutionGuid = {B283C82B-7056-4E8E-9E9C-CEE7633F41D1}
	EndGlobalSection
EndGlobal
