
Microsoft Visual Studio Solution File, Format Version 12.00
# Visual Studio Version 17
VisualStudioVersion = 17.4.33213.308
MinimumVisualStudioVersion = 10.0.40219.1
Project("{9A19103F-16F7-4668-BE54-9A1E7A4F7556}") = "CasaEngine.Editor", "CasaEngine\CasaEngine.Editor.csproj", "{36D16292-D92F-4087-8BE7-A09AD6D5AC05}"
EndProject
Project("{9A19103F-16F7-4668-BE54-9A1E7A4F7556}") = "Editor", "Editor\Editor.csproj", "{223CE39C-656E-4193-960B-0E9F1E36DDA8}"
EndProject
Project("{9A19103F-16F7-4668-BE54-9A1E7A4F7556}") = "EditorWpf", "EditorWpf\EditorWpf.csproj", "{F2707E78-7C71-43AC-A27A-0E2FB32BB684}"
EndProject
Project("{9A19103F-16F7-4668-BE54-9A1E7A4F7556}") = "Pong", "Pong\Pong.csproj", "{AE6C8A88-1E1D-48A9-99DF-81B43CFD2EFD}"
EndProject
Project("{9A19103F-16F7-4668-BE54-9A1E7A4F7556}") = "CasaEngineLauncher", "CasaEngineLauncher\CasaEngineLauncher.csproj", "{78DDC4C5-CF85-4A2F-87CA-0D3D53D0912B}"
EndProject
Project("{2150E333-8FDC-42A3-9474-1A3956D46DE8}") = "Physics", "Physics", "{EFF5418E-2F3B-4218-A17A-1000F2599AFA}"
EndProject
Project("{9A19103F-16F7-4668-BE54-9A1E7A4F7556}") = "VelcroPhysics.MonoGame", "VelcroPhysics\VelcroPhysics\VelcroPhysics.MonoGame.csproj", "{BB04FACE-5955-4FA8-95B2-D770FF6FAF83}"
EndProject
Project("{9A19103F-16F7-4668-BE54-9A1E7A4F7556}") = "VelcroPhysics.MonoGame.DebugView", "VelcroPhysics\VelcroPhysics.MonoGame.DebugView\VelcroPhysics.MonoGame.DebugView.csproj", "{60F6D253-871D-441D-8975-C80303363C03}"
EndProject
Project("{FAE04EC0-301F-11D3-BF4B-00C04F79EFBC}") = "SandBoxGame", "SandBoxGame\SandBoxGame.csproj", "{73962EDE-BEC1-4D15-A2D6-5BE521EFB147}"
EndProject
Global
	GlobalSection(SolutionConfigurationPlatforms) = preSolution
		Debug|Any CPU = Debug|Any CPU
		Debug|x64 = Debug|x64
		DebugEditor|Any CPU = DebugEditor|Any CPU
		DebugEditor|x64 = DebugEditor|x64
		Release|Any CPU = Release|Any CPU
		Release|x64 = Release|x64
	EndGlobalSection
	GlobalSection(ProjectConfigurationPlatforms) = postSolution
		{36D16292-D92F-4087-8BE7-A09AD6D5AC05}.Debug|Any CPU.ActiveCfg = Debug|Any CPU
		{36D16292-D92F-4087-8BE7-A09AD6D5AC05}.Debug|Any CPU.Build.0 = Debug|Any CPU
		{36D16292-D92F-4087-8BE7-A09AD6D5AC05}.Debug|x64.ActiveCfg = Debug|Any CPU
		{36D16292-D92F-4087-8BE7-A09AD6D5AC05}.Debug|x64.Build.0 = Debug|Any CPU
		{36D16292-D92F-4087-8BE7-A09AD6D5AC05}.DebugEditor|Any CPU.ActiveCfg = DebugEditor|Any CPU
		{36D16292-D92F-4087-8BE7-A09AD6D5AC05}.DebugEditor|Any CPU.Build.0 = DebugEditor|Any CPU
		{36D16292-D92F-4087-8BE7-A09AD6D5AC05}.DebugEditor|x64.ActiveCfg = DebugEditor|Any CPU
		{36D16292-D92F-4087-8BE7-A09AD6D5AC05}.DebugEditor|x64.Build.0 = DebugEditor|Any CPU
		{36D16292-D92F-4087-8BE7-A09AD6D5AC05}.Release|Any CPU.ActiveCfg = Release|Any CPU
		{36D16292-D92F-4087-8BE7-A09AD6D5AC05}.Release|Any CPU.Build.0 = Release|Any CPU
		{36D16292-D92F-4087-8BE7-A09AD6D5AC05}.Release|x64.ActiveCfg = Release|Any CPU
		{36D16292-D92F-4087-8BE7-A09AD6D5AC05}.Release|x64.Build.0 = Release|Any CPU
		{223CE39C-656E-4193-960B-0E9F1E36DDA8}.Debug|Any CPU.ActiveCfg = Debug|Any CPU
		{223CE39C-656E-4193-960B-0E9F1E36DDA8}.Debug|Any CPU.Build.0 = Debug|Any CPU
		{223CE39C-656E-4193-960B-0E9F1E36DDA8}.Debug|x64.ActiveCfg = Debug|Any CPU
		{223CE39C-656E-4193-960B-0E9F1E36DDA8}.Debug|x64.Build.0 = Debug|Any CPU
		{223CE39C-656E-4193-960B-0E9F1E36DDA8}.DebugEditor|Any CPU.ActiveCfg = DebugEditor|Any CPU
		{223CE39C-656E-4193-960B-0E9F1E36DDA8}.DebugEditor|Any CPU.Build.0 = DebugEditor|Any CPU
		{223CE39C-656E-4193-960B-0E9F1E36DDA8}.DebugEditor|x64.ActiveCfg = DebugEditor|Any CPU
		{223CE39C-656E-4193-960B-0E9F1E36DDA8}.DebugEditor|x64.Build.0 = DebugEditor|Any CPU
		{223CE39C-656E-4193-960B-0E9F1E36DDA8}.Release|Any CPU.ActiveCfg = Release|Any CPU
		{223CE39C-656E-4193-960B-0E9F1E36DDA8}.Release|Any CPU.Build.0 = Release|Any CPU
		{223CE39C-656E-4193-960B-0E9F1E36DDA8}.Release|x64.ActiveCfg = Release|Any CPU
		{223CE39C-656E-4193-960B-0E9F1E36DDA8}.Release|x64.Build.0 = Release|Any CPU
		{F2707E78-7C71-43AC-A27A-0E2FB32BB684}.Debug|Any CPU.ActiveCfg = Debug|Any CPU
		{F2707E78-7C71-43AC-A27A-0E2FB32BB684}.Debug|Any CPU.Build.0 = Debug|Any CPU
		{F2707E78-7C71-43AC-A27A-0E2FB32BB684}.Debug|x64.ActiveCfg = Debug|Any CPU
		{F2707E78-7C71-43AC-A27A-0E2FB32BB684}.Debug|x64.Build.0 = Debug|Any CPU
		{F2707E78-7C71-43AC-A27A-0E2FB32BB684}.DebugEditor|Any CPU.ActiveCfg = DebugEditor|Any CPU
		{F2707E78-7C71-43AC-A27A-0E2FB32BB684}.DebugEditor|Any CPU.Build.0 = DebugEditor|Any CPU
		{F2707E78-7C71-43AC-A27A-0E2FB32BB684}.DebugEditor|x64.ActiveCfg = DebugEditor|Any CPU
		{F2707E78-7C71-43AC-A27A-0E2FB32BB684}.DebugEditor|x64.Build.0 = DebugEditor|Any CPU
		{F2707E78-7C71-43AC-A27A-0E2FB32BB684}.Release|Any CPU.ActiveCfg = Release|Any CPU
		{F2707E78-7C71-43AC-A27A-0E2FB32BB684}.Release|Any CPU.Build.0 = Release|Any CPU
		{F2707E78-7C71-43AC-A27A-0E2FB32BB684}.Release|x64.ActiveCfg = Release|Any CPU
		{F2707E78-7C71-43AC-A27A-0E2FB32BB684}.Release|x64.Build.0 = Release|Any CPU
		{AE6C8A88-1E1D-48A9-99DF-81B43CFD2EFD}.Debug|Any CPU.ActiveCfg = Debug|Any CPU
		{AE6C8A88-1E1D-48A9-99DF-81B43CFD2EFD}.Debug|Any CPU.Build.0 = Debug|Any CPU
		{AE6C8A88-1E1D-48A9-99DF-81B43CFD2EFD}.Debug|x64.ActiveCfg = Debug|Any CPU
		{AE6C8A88-1E1D-48A9-99DF-81B43CFD2EFD}.Debug|x64.Build.0 = Debug|Any CPU
		{AE6C8A88-1E1D-48A9-99DF-81B43CFD2EFD}.DebugEditor|Any CPU.ActiveCfg = Debug|Any CPU
		{AE6C8A88-1E1D-48A9-99DF-81B43CFD2EFD}.DebugEditor|Any CPU.Build.0 = Debug|Any CPU
		{AE6C8A88-1E1D-48A9-99DF-81B43CFD2EFD}.DebugEditor|x64.ActiveCfg = Debug|Any CPU
		{AE6C8A88-1E1D-48A9-99DF-81B43CFD2EFD}.DebugEditor|x64.Build.0 = Debug|Any CPU
		{AE6C8A88-1E1D-48A9-99DF-81B43CFD2EFD}.Release|Any CPU.ActiveCfg = Release|Any CPU
		{AE6C8A88-1E1D-48A9-99DF-81B43CFD2EFD}.Release|Any CPU.Build.0 = Release|Any CPU
		{AE6C8A88-1E1D-48A9-99DF-81B43CFD2EFD}.Release|x64.ActiveCfg = Release|Any CPU
		{AE6C8A88-1E1D-48A9-99DF-81B43CFD2EFD}.Release|x64.Build.0 = Release|Any CPU
		{78DDC4C5-CF85-4A2F-87CA-0D3D53D0912B}.Debug|Any CPU.ActiveCfg = Debug|Any CPU
		{78DDC4C5-CF85-4A2F-87CA-0D3D53D0912B}.Debug|Any CPU.Build.0 = Debug|Any CPU
		{78DDC4C5-CF85-4A2F-87CA-0D3D53D0912B}.Debug|x64.ActiveCfg = Debug|Any CPU
		{78DDC4C5-CF85-4A2F-87CA-0D3D53D0912B}.Debug|x64.Build.0 = Debug|Any CPU
		{78DDC4C5-CF85-4A2F-87CA-0D3D53D0912B}.DebugEditor|Any CPU.ActiveCfg = Debug|Any CPU
		{78DDC4C5-CF85-4A2F-87CA-0D3D53D0912B}.DebugEditor|Any CPU.Build.0 = Debug|Any CPU
		{78DDC4C5-CF85-4A2F-87CA-0D3D53D0912B}.DebugEditor|x64.ActiveCfg = Debug|Any CPU
		{78DDC4C5-CF85-4A2F-87CA-0D3D53D0912B}.DebugEditor|x64.Build.0 = Debug|Any CPU
		{78DDC4C5-CF85-4A2F-87CA-0D3D53D0912B}.Release|Any CPU.ActiveCfg = Release|Any CPU
		{78DDC4C5-CF85-4A2F-87CA-0D3D53D0912B}.Release|Any CPU.Build.0 = Release|Any CPU
		{78DDC4C5-CF85-4A2F-87CA-0D3D53D0912B}.Release|x64.ActiveCfg = Release|Any CPU
		{78DDC4C5-CF85-4A2F-87CA-0D3D53D0912B}.Release|x64.Build.0 = Release|Any CPU
		{BB04FACE-5955-4FA8-95B2-D770FF6FAF83}.Debug|Any CPU.ActiveCfg = Debug|Any CPU
		{BB04FACE-5955-4FA8-95B2-D770FF6FAF83}.Debug|Any CPU.Build.0 = Debug|Any CPU
		{BB04FACE-5955-4FA8-95B2-D770FF6FAF83}.Debug|x64.ActiveCfg = Debug|Any CPU
		{BB04FACE-5955-4FA8-95B2-D770FF6FAF83}.Debug|x64.Build.0 = Debug|Any CPU
		{BB04FACE-5955-4FA8-95B2-D770FF6FAF83}.DebugEditor|Any CPU.ActiveCfg = Debug|Any CPU
		{BB04FACE-5955-4FA8-95B2-D770FF6FAF83}.DebugEditor|Any CPU.Build.0 = Debug|Any CPU
		{BB04FACE-5955-4FA8-95B2-D770FF6FAF83}.DebugEditor|x64.ActiveCfg = Debug|Any CPU
		{BB04FACE-5955-4FA8-95B2-D770FF6FAF83}.DebugEditor|x64.Build.0 = Debug|Any CPU
		{BB04FACE-5955-4FA8-95B2-D770FF6FAF83}.Release|Any CPU.ActiveCfg = Release|Any CPU
		{BB04FACE-5955-4FA8-95B2-D770FF6FAF83}.Release|Any CPU.Build.0 = Release|Any CPU
		{BB04FACE-5955-4FA8-95B2-D770FF6FAF83}.Release|x64.ActiveCfg = Release|Any CPU
		{BB04FACE-5955-4FA8-95B2-D770FF6FAF83}.Release|x64.Build.0 = Release|Any CPU
		{60F6D253-871D-441D-8975-C80303363C03}.Debug|Any CPU.ActiveCfg = Debug|Any CPU
		{60F6D253-871D-441D-8975-C80303363C03}.Debug|Any CPU.Build.0 = Debug|Any CPU
		{60F6D253-871D-441D-8975-C80303363C03}.Debug|x64.ActiveCfg = Debug|Any CPU
		{60F6D253-871D-441D-8975-C80303363C03}.Debug|x64.Build.0 = Debug|Any CPU
		{60F6D253-871D-441D-8975-C80303363C03}.DebugEditor|Any CPU.ActiveCfg = Debug|Any CPU
		{60F6D253-871D-441D-8975-C80303363C03}.DebugEditor|Any CPU.Build.0 = Debug|Any CPU
		{60F6D253-871D-441D-8975-C80303363C03}.DebugEditor|x64.ActiveCfg = Debug|Any CPU
		{60F6D253-871D-441D-8975-C80303363C03}.DebugEditor|x64.Build.0 = Debug|Any CPU
		{60F6D253-871D-441D-8975-C80303363C03}.Release|Any CPU.ActiveCfg = Release|Any CPU
		{60F6D253-871D-441D-8975-C80303363C03}.Release|Any CPU.Build.0 = Release|Any CPU
		{60F6D253-871D-441D-8975-C80303363C03}.Release|x64.ActiveCfg = Release|Any CPU
		{60F6D253-871D-441D-8975-C80303363C03}.Release|x64.Build.0 = Release|Any CPU
		{73962EDE-BEC1-4D15-A2D6-5BE521EFB147}.Debug|Any CPU.ActiveCfg = Debug|Any CPU
		{73962EDE-BEC1-4D15-A2D6-5BE521EFB147}.Debug|Any CPU.Build.0 = Debug|Any CPU
		{73962EDE-BEC1-4D15-A2D6-5BE521EFB147}.Debug|x64.ActiveCfg = Debug|Any CPU
		{73962EDE-BEC1-4D15-A2D6-5BE521EFB147}.Debug|x64.Build.0 = Debug|Any CPU
		{73962EDE-BEC1-4D15-A2D6-5BE521EFB147}.DebugEditor|Any CPU.ActiveCfg = Debug|Any CPU
		{73962EDE-BEC1-4D15-A2D6-5BE521EFB147}.DebugEditor|Any CPU.Build.0 = Debug|Any CPU
		{73962EDE-BEC1-4D15-A2D6-5BE521EFB147}.DebugEditor|x64.ActiveCfg = Debug|Any CPU
		{73962EDE-BEC1-4D15-A2D6-5BE521EFB147}.DebugEditor|x64.Build.0 = Debug|Any CPU
		{73962EDE-BEC1-4D15-A2D6-5BE521EFB147}.Release|Any CPU.ActiveCfg = Release|Any CPU
		{73962EDE-BEC1-4D15-A2D6-5BE521EFB147}.Release|Any CPU.Build.0 = Release|Any CPU
		{73962EDE-BEC1-4D15-A2D6-5BE521EFB147}.Release|x64.ActiveCfg = Release|Any CPU
		{73962EDE-BEC1-4D15-A2D6-5BE521EFB147}.Release|x64.Build.0 = Release|Any CPU
	EndGlobalSection
	GlobalSection(SolutionProperties) = preSolution
		HideSolutionNode = FALSE
	EndGlobalSection
	GlobalSection(NestedProjects) = preSolution
		{BB04FACE-5955-4FA8-95B2-D770FF6FAF83} = {EFF5418E-2F3B-4218-A17A-1000F2599AFA}
		{60F6D253-871D-441D-8975-C80303363C03} = {EFF5418E-2F3B-4218-A17A-1000F2599AFA}
	EndGlobalSection
	GlobalSection(ExtensibilityGlobals) = postSolution
		SolutionGuid = {B283C82B-7056-4E8E-9E9C-CEE7633F41D1}
	EndGlobalSection
EndGlobal
